// !$*UTF8*$!
{
	archiveVersion = 1;
	classes = {
	};
	objectVersion = 56;
	objects = {

/* Begin PBXBuildFile section */
		2F7942E12BC050A500387D3E /* ChronosApp.swift in Sources */ = {isa = PBXBuildFile; fileRef = 2F7942E02BC050A500387D3E /* ChronosApp.swift */; };
		2F7942E52BC050A800387D3E /* Assets.xcassets in Resources */ = {isa = PBXBuildFile; fileRef = 2F7942E42BC050A800387D3E /* Assets.xcassets */; };
		2F7942E82BC050A800387D3E /* Preview Assets.xcassets in Resources */ = {isa = PBXBuildFile; fileRef = 2F7942E72BC050A800387D3E /* Preview Assets.xcassets */; };
		2F7942F22BC0513400387D3E /* Constant.swift in Sources */ = {isa = PBXBuildFile; fileRef = 2F7942F12BC0513400387D3E /* Constant.swift */; };
		2F7942F42BC0568500387D3E /* TextFieldView.swift in Sources */ = {isa = PBXBuildFile; fileRef = 2F7942F32BC0568500387D3E /* TextFieldView.swift */; };
		2F7942F62BC06F9D00387D3E /* SecureFieldView.swift in Sources */ = {isa = PBXBuildFile; fileRef = 2F7942F52BC06F9D00387D3E /* SecureFieldView.swift */; };
		2F7942F82BC0746000387D3E /* ButtonView.swift in Sources */ = {isa = PBXBuildFile; fileRef = 2F7942F72BC0746000387D3E /* ButtonView.swift */; };
		2F7942FA2BC0804400387D3E /* LoginView.swift in Sources */ = {isa = PBXBuildFile; fileRef = 2F7942F92BC0804400387D3E /* LoginView.swift */; };
		2F7943002BC08FF200387D3E /* FieldContentView.swift in Sources */ = {isa = PBXBuildFile; fileRef = 2F7942FF2BC08FF200387D3E /* FieldContentView.swift */; };
/* End PBXBuildFile section */

/* Begin PBXFileReference section */
		2F7942DD2BC050A500387D3E /* Chronos.app */ = {isa = PBXFileReference; explicitFileType = wrapper.application; includeInIndex = 0; path = Chronos.app; sourceTree = BUILT_PRODUCTS_DIR; };
		2F7942E02BC050A500387D3E /* ChronosApp.swift */ = {isa = PBXFileReference; lastKnownFileType = sourcecode.swift; path = ChronosApp.swift; sourceTree = "<group>"; };
		2F7942E42BC050A800387D3E /* Assets.xcassets */ = {isa = PBXFileReference; lastKnownFileType = folder.assetcatalog; path = Assets.xcassets; sourceTree = "<group>"; };
		2F7942E72BC050A800387D3E /* Preview Assets.xcassets */ = {isa = PBXFileReference; lastKnownFileType = folder.assetcatalog; path = "Preview Assets.xcassets"; sourceTree = "<group>"; };
		2F7942F12BC0513400387D3E /* Constant.swift */ = {isa = PBXFileReference; lastKnownFileType = sourcecode.swift; path = Constant.swift; sourceTree = "<group>"; };
		2F7942F32BC0568500387D3E /* TextFieldView.swift */ = {isa = PBXFileReference; lastKnownFileType = sourcecode.swift; path = TextFieldView.swift; sourceTree = "<group>"; };
		2F7942F52BC06F9D00387D3E /* SecureFieldView.swift */ = {isa = PBXFileReference; lastKnownFileType = sourcecode.swift; path = SecureFieldView.swift; sourceTree = "<group>"; };
		2F7942F72BC0746000387D3E /* ButtonView.swift */ = {isa = PBXFileReference; lastKnownFileType = sourcecode.swift; path = ButtonView.swift; sourceTree = "<group>"; };
		2F7942F92BC0804400387D3E /* LoginView.swift */ = {isa = PBXFileReference; lastKnownFileType = sourcecode.swift; path = LoginView.swift; sourceTree = "<group>"; };
		2F7942FF2BC08FF200387D3E /* FieldContentView.swift */ = {isa = PBXFileReference; lastKnownFileType = sourcecode.swift; path = FieldContentView.swift; sourceTree = "<group>"; };
/* End PBXFileReference section */

/* Begin PBXFrameworksBuildPhase section */
		2F7942DA2BC050A500387D3E /* Frameworks */ = {
			isa = PBXFrameworksBuildPhase;
			buildActionMask = 2147483647;
			files = (
			);
			runOnlyForDeploymentPostprocessing = 0;
		};
/* End PBXFrameworksBuildPhase section */

/* Begin PBXGroup section */
		2F7942D42BC050A500387D3E = {
			isa = PBXGroup;
			children = (
				2F7942DF2BC050A500387D3E /* Chronos */,
				2F7942DE2BC050A500387D3E /* Products */,
			);
			sourceTree = "<group>";
		};
		2F7942DE2BC050A500387D3E /* Products */ = {
			isa = PBXGroup;
			children = (
				2F7942DD2BC050A500387D3E /* Chronos.app */,
			);
			name = Products;
			sourceTree = "<group>";
		};
		2F7942DF2BC050A500387D3E /* Chronos */ = {
			isa = PBXGroup;
			children = (
				2F7942E02BC050A500387D3E /* ChronosApp.swift */,
				2F7942EF2BC0510600387D3E /* Constant */,
				2F7942EE2BC050FD00387D3E /* Screens */,
				2F7942E42BC050A800387D3E /* Assets.xcassets */,
				2F7942E62BC050A800387D3E /* Preview Content */,
			);
			path = Chronos;
			sourceTree = "<group>";
		};
		2F7942E62BC050A800387D3E /* Preview Content */ = {
			isa = PBXGroup;
			children = (
				2F7942E72BC050A800387D3E /* Preview Assets.xcassets */,
			);
			path = "Preview Content";
			sourceTree = "<group>";
		};
		2F7942EE2BC050FD00387D3E /* Screens */ = {
			isa = PBXGroup;
			children = (
				2F7942F02BC0510D00387D3E /* LoginScreen */,
			);
			path = Screens;
			sourceTree = "<group>";
		};
		2F7942EF2BC0510600387D3E /* Constant */ = {
			isa = PBXGroup;
			children = (
				2F7942F12BC0513400387D3E /* Constant.swift */,
			);
			path = Constant;
			sourceTree = "<group>";
		};
		2F7942F02BC0510D00387D3E /* LoginScreen */ = {
			isa = PBXGroup;
			children = (
				2F7942F92BC0804400387D3E /* LoginView.swift */,
				2F7942F32BC0568500387D3E /* TextFieldView.swift */,
				2F7942F52BC06F9D00387D3E /* SecureFieldView.swift */,
				2F7942FF2BC08FF200387D3E /* FieldContentView.swift */,
				2F7942F72BC0746000387D3E /* ButtonView.swift */,
			);
			path = LoginScreen;
			sourceTree = "<group>";
		};
/* End PBXGroup section */

/* Begin PBXNativeTarget section */
		2F7942DC2BC050A500387D3E /* Chronos */ = {
			isa = PBXNativeTarget;
			buildConfigurationList = 2F7942EB2BC050A800387D3E /* Build configuration list for PBXNativeTarget "Chronos" */;
			buildPhases = (
				2F7942D92BC050A500387D3E /* Sources */,
				2F7942DA2BC050A500387D3E /* Frameworks */,
				2F7942DB2BC050A500387D3E /* Resources */,
			);
			buildRules = (
			);
			dependencies = (
			);
			name = Chronos;
			productName = Chronos;
			productReference = 2F7942DD2BC050A500387D3E /* Chronos.app */;
			productType = "com.apple.product-type.application";
		};
/* End PBXNativeTarget section */

/* Begin PBXProject section */
		2F7942D52BC050A500387D3E /* Project object */ = {
			isa = PBXProject;
			attributes = {
				BuildIndependentTargetsInParallel = 1;
				LastSwiftUpdateCheck = 1520;
				LastUpgradeCheck = 1520;
				TargetAttributes = {
					2F7942DC2BC050A500387D3E = {
						CreatedOnToolsVersion = 15.2;
					};
				};
			};
			buildConfigurationList = 2F7942D82BC050A500387D3E /* Build configuration list for PBXProject "Chronos" */;
			compatibilityVersion = "Xcode 14.0";
			developmentRegion = en;
			hasScannedForEncodings = 0;
			knownRegions = (
				en,
				Base,
			);
			mainGroup = 2F7942D42BC050A500387D3E;
			productRefGroup = 2F7942DE2BC050A500387D3E /* Products */;
			projectDirPath = "";
			projectRoot = "";
			targets = (
				2F7942DC2BC050A500387D3E /* Chronos */,
			);
		};
/* End PBXProject section */

/* Begin PBXResourcesBuildPhase section */
		2F7942DB2BC050A500387D3E /* Resources */ = {
			isa = PBXResourcesBuildPhase;
			buildActionMask = 2147483647;
			files = (
				2F7942E82BC050A800387D3E /* Preview Assets.xcassets in Resources */,
				2F7942E52BC050A800387D3E /* Assets.xcassets in Resources */,
			);
			runOnlyForDeploymentPostprocessing = 0;
		};
/* End PBXResourcesBuildPhase section */

/* Begin PBXSourcesBuildPhase section */
		2F7942D92BC050A500387D3E /* Sources */ = {
			isa = PBXSourcesBuildPhase;
			buildActionMask = 2147483647;
			files = (
				2F7942F62BC06F9D00387D3E /* SecureFieldView.swift in Sources */,
				2F7942FA2BC0804400387D3E /* LoginView.swift in Sources */,
				2F7943002BC08FF200387D3E /* FieldContentView.swift in Sources */,
				2F7942F82BC0746000387D3E /* ButtonView.swift in Sources */,
				2F7942E12BC050A500387D3E /* ChronosApp.swift in Sources */,
				2F7942F42BC0568500387D3E /* TextFieldView.swift in Sources */,
				2F7942F22BC0513400387D3E /* Constant.swift in Sources */,
			);
			runOnlyForDeploymentPostprocessing = 0;
		};
/* End PBXSourcesBuildPhase section */

/* Begin XCBuildConfiguration section */
		2F7942E92BC050A800387D3E /* Debug */ = {
			isa = XCBuildConfiguration;
			buildSettings = {
				ALWAYS_SEARCH_USER_PATHS = NO;
				ASSETCATALOG_COMPILER_GENERATE_SWIFT_ASSET_SYMBOL_EXTENSIONS = YES;
				CLANG_ANALYZER_NONNULL = YES;
				CLANG_ANALYZER_NUMBER_OBJECT_CONVERSION = YES_AGGRESSIVE;
				CLANG_CXX_LANGUAGE_STANDARD = "gnu++20";
				CLANG_ENABLE_MODULES = YES;
				CLANG_ENABLE_OBJC_ARC = YES;
				CLANG_ENABLE_OBJC_WEAK = YES;
				CLANG_WARN_BLOCK_CAPTURE_AUTORELEASING = YES;
				CLANG_WARN_BOOL_CONVERSION = YES;
				CLANG_WARN_COMMA = YES;
				CLANG_WARN_CONSTANT_CONVERSION = YES;
				CLANG_WARN_DEPRECATED_OBJC_IMPLEMENTATIONS = YES;
				CLANG_WARN_DIRECT_OBJC_ISA_USAGE = YES_ERROR;
				CLANG_WARN_DOCUMENTATION_COMMENTS = YES;
				CLANG_WARN_EMPTY_BODY = YES;
				CLANG_WARN_ENUM_CONVERSION = YES;
				CLANG_WARN_INFINITE_RECURSION = YES;
				CLANG_WARN_INT_CONVERSION = YES;
				CLANG_WARN_NON_LITERAL_NULL_CONVERSION = YES;
				CLANG_WARN_OBJC_IMPLICIT_RETAIN_SELF = YES;
				CLANG_WARN_OBJC_LITERAL_CONVERSION = YES;
				CLANG_WARN_OBJC_ROOT_CLASS = YES_ERROR;
				CLANG_WARN_QUOTED_INCLUDE_IN_FRAMEWORK_HEADER = YES;
				CLANG_WARN_RANGE_LOOP_ANALYSIS = YES;
				CLANG_WARN_STRICT_PROTOTYPES = YES;
				CLANG_WARN_SUSPICIOUS_MOVE = YES;
				CLANG_WARN_UNGUARDED_AVAILABILITY = YES_AGGRESSIVE;
				CLANG_WARN_UNREACHABLE_CODE = YES;
				CLANG_WARN__DUPLICATE_METHOD_MATCH = YES;
				COPY_PHASE_STRIP = NO;
				DEBUG_INFORMATION_FORMAT = dwarf;
				ENABLE_STRICT_OBJC_MSGSEND = YES;
				ENABLE_TESTABILITY = YES;
				ENABLE_USER_SCRIPT_SANDBOXING = YES;
				GCC_C_LANGUAGE_STANDARD = gnu17;
				GCC_DYNAMIC_NO_PIC = NO;
				GCC_NO_COMMON_BLOCKS = YES;
				GCC_OPTIMIZATION_LEVEL = 0;
				GCC_PREPROCESSOR_DEFINITIONS = (
					"DEBUG=1",
					"$(inherited)",
				);
				GCC_WARN_64_TO_32_BIT_CONVERSION = YES;
				GCC_WARN_ABOUT_RETURN_TYPE = YES_ERROR;
				GCC_WARN_UNDECLARED_SELECTOR = YES;
				GCC_WARN_UNINITIALIZED_AUTOS = YES_AGGRESSIVE;
				GCC_WARN_UNUSED_FUNCTION = YES;
				GCC_WARN_UNUSED_VARIABLE = YES;
				IPHONEOS_DEPLOYMENT_TARGET = 17.2;
				LOCALIZATION_PREFERS_STRING_CATALOGS = YES;
				MTL_ENABLE_DEBUG_INFO = INCLUDE_SOURCE;
				MTL_FAST_MATH = YES;
				ONLY_ACTIVE_ARCH = YES;
				SDKROOT = iphoneos;
				SWIFT_ACTIVE_COMPILATION_CONDITIONS = "DEBUG $(inherited)";
				SWIFT_OPTIMIZATION_LEVEL = "-Onone";
			};
			name = Debug;
		};
		2F7942EA2BC050A800387D3E /* Release */ = {
			isa = XCBuildConfiguration;
			buildSettings = {
				ALWAYS_SEARCH_USER_PATHS = NO;
				ASSETCATALOG_COMPILER_GENERATE_SWIFT_ASSET_SYMBOL_EXTENSIONS = YES;
				CLANG_ANALYZER_NONNULL = YES;
				CLANG_ANALYZER_NUMBER_OBJECT_CONVERSION = YES_AGGRESSIVE;
				CLANG_CXX_LANGUAGE_STANDARD = "gnu++20";
				CLANG_ENABLE_MODULES = YES;
				CLANG_ENABLE_OBJC_ARC = YES;
				CLANG_ENABLE_OBJC_WEAK = YES;
				CLANG_WARN_BLOCK_CAPTURE_AUTORELEASING = YES;
				CLANG_WARN_BOOL_CONVERSION = YES;
				CLANG_WARN_COMMA = YES;
				CLANG_WARN_CONSTANT_CONVERSION = YES;
				CLANG_WARN_DEPRECATED_OBJC_IMPLEMENTATIONS = YES;
				CLANG_WARN_DIRECT_OBJC_ISA_USAGE = YES_ERROR;
				CLANG_WARN_DOCUMENTATION_COMMENTS = YES;
				CLANG_WARN_EMPTY_BODY = YES;
				CLANG_WARN_ENUM_CONVERSION = YES;
				CLANG_WARN_INFINITE_RECURSION = YES;
				CLANG_WARN_INT_CONVERSION = YES;
				CLANG_WARN_NON_LITERAL_NULL_CONVERSION = YES;
				CLANG_WARN_OBJC_IMPLICIT_RETAIN_SELF = YES;
				CLANG_WARN_OBJC_LITERAL_CONVERSION = YES;
				CLANG_WARN_OBJC_ROOT_CLASS = YES_ERROR;
				CLANG_WARN_QUOTED_INCLUDE_IN_FRAMEWORK_HEADER = YES;
				CLANG_WARN_RANGE_LOOP_ANALYSIS = YES;
				CLANG_WARN_STRICT_PROTOTYPES = YES;
				CLANG_WARN_SUSPICIOUS_MOVE = YES;
				CLANG_WARN_UNGUARDED_AVAILABILITY = YES_AGGRESSIVE;
				CLANG_WARN_UNREACHABLE_CODE = YES;
				CLANG_WARN__DUPLICATE_METHOD_MATCH = YES;
				COPY_PHASE_STRIP = NO;
				DEBUG_INFORMATION_FORMAT = "dwarf-with-dsym";
				ENABLE_NS_ASSERTIONS = NO;
				ENABLE_STRICT_OBJC_MSGSEND = YES;
				ENABLE_USER_SCRIPT_SANDBOXING = YES;
				GCC_C_LANGUAGE_STANDARD = gnu17;
				GCC_NO_COMMON_BLOCKS = YES;
				GCC_WARN_64_TO_32_BIT_CONVERSION = YES;
				GCC_WARN_ABOUT_RETURN_TYPE = YES_ERROR;
				GCC_WARN_UNDECLARED_SELECTOR = YES;
				GCC_WARN_UNINITIALIZED_AUTOS = YES_AGGRESSIVE;
				GCC_WARN_UNUSED_FUNCTION = YES;
				GCC_WARN_UNUSED_VARIABLE = YES;
				IPHONEOS_DEPLOYMENT_TARGET = 17.2;
				LOCALIZATION_PREFERS_STRING_CATALOGS = YES;
				MTL_ENABLE_DEBUG_INFO = NO;
				MTL_FAST_MATH = YES;
				SDKROOT = iphoneos;
				SWIFT_COMPILATION_MODE = wholemodule;
				VALIDATE_PRODUCT = YES;
			};
			name = Release;
		};
		2F7942EC2BC050A800387D3E /* Debug */ = {
			isa = XCBuildConfiguration;
			buildSettings = {
				ASSETCATALOG_COMPILER_APPICON_NAME = AppIcon;
				ASSETCATALOG_COMPILER_GLOBAL_ACCENT_COLOR_NAME = AccentColor;
				CODE_SIGN_STYLE = Automatic;
				CURRENT_PROJECT_VERSION = 1;
				DEVELOPMENT_ASSET_PATHS = "\"Chronos/Preview Content\"";
				ENABLE_PREVIEWS = YES;
				GENERATE_INFOPLIST_FILE = YES;
				INFOPLIST_KEY_UIApplicationSceneManifest_Generation = YES;
				INFOPLIST_KEY_UIApplicationSupportsIndirectInputEvents = YES;
				INFOPLIST_KEY_UILaunchScreen_Generation = YES;
				INFOPLIST_KEY_UISupportedInterfaceOrientations_iPad = "UIInterfaceOrientationPortrait UIInterfaceOrientationPortraitUpsideDown UIInterfaceOrientationLandscapeLeft UIInterfaceOrientationLandscapeRight";
				INFOPLIST_KEY_UISupportedInterfaceOrientations_iPhone = "UIInterfaceOrientationPortrait UIInterfaceOrientationLandscapeLeft UIInterfaceOrientationLandscapeRight";
				LD_RUNPATH_SEARCH_PATHS = (
					"$(inherited)",
					"@executable_path/Frameworks",
				);
				MARKETING_VERSION = 1.0;
				PRODUCT_BUNDLE_IDENTIFIER = com.myorganization.Chronos;
				PRODUCT_NAME = "$(TARGET_NAME)";
				SWIFT_EMIT_LOC_STRINGS = YES;
				SWIFT_VERSION = 5.0;
				TARGETED_DEVICE_FAMILY = "1,2";
			};
			name = Debug;
		};
		2F7942ED2BC050A800387D3E /* Release */ = {
			isa = XCBuildConfiguration;
			buildSettings = {
				ASSETCATALOG_COMPILER_APPICON_NAME = AppIcon;
				ASSETCATALOG_COMPILER_GLOBAL_ACCENT_COLOR_NAME = AccentColor;
				CODE_SIGN_STYLE = Automatic;
				CURRENT_PROJECT_VERSION = 1;
				DEVELOPMENT_ASSET_PATHS = "\"Chronos/Preview Content\"";
				ENABLE_PREVIEWS = YES;
				GENERATE_INFOPLIST_FILE = YES;
				INFOPLIST_KEY_UIApplicationSceneManifest_Generation = YES;
				INFOPLIST_KEY_UIApplicationSupportsIndirectInputEvents = YES;
				INFOPLIST_KEY_UILaunchScreen_Generation = YES;
				INFOPLIST_KEY_UISupportedInterfaceOrientations_iPad = "UIInterfaceOrientationPortrait UIInterfaceOrientationPortraitUpsideDown UIInterfaceOrientationLandscapeLeft UIInterfaceOrientationLandscapeRight";
				INFOPLIST_KEY_UISupportedInterfaceOrientations_iPhone = "UIInterfaceOrientationPortrait UIInterfaceOrientationLandscapeLeft UIInterfaceOrientationLandscapeRight";
				LD_RUNPATH_SEARCH_PATHS = (
					"$(inherited)",
					"@executable_path/Frameworks",
				);
				MARKETING_VERSION = 1.0;
				PRODUCT_BUNDLE_IDENTIFIER = com.myorganization.Chronos;
				PRODUCT_NAME = "$(TARGET_NAME)";
				SWIFT_EMIT_LOC_STRINGS = YES;
				SWIFT_VERSION = 5.0;
				TARGETED_DEVICE_FAMILY = "1,2";
			};
			name = Release;
		};
/* End XCBuildConfiguration section */

/* Begin XCConfigurationList section */
		2F7942D82BC050A500387D3E /* Build configuration list for PBXProject "Chronos" */ = {
			isa = XCConfigurationList;
			buildConfigurations = (
				2F7942E92BC050A800387D3E /* Debug */,
				2F7942EA2BC050A800387D3E /* Release */,
			);
			defaultConfigurationIsVisible = 0;
			defaultConfigurationName = Release;
		};
		2F7942EB2BC050A800387D3E /* Build configuration list for PBXNativeTarget "Chronos" */ = {
			isa = XCConfigurationList;
			buildConfigurations = (
				2F7942EC2BC050A800387D3E /* Debug */,
				2F7942ED2BC050A800387D3E /* Release */,
			);
			defaultConfigurationIsVisible = 0;
			defaultConfigurationName = Release;
		};
/* End XCConfigurationList section */
	};
	rootObject = 2F7942D52BC050A500387D3E /* Project object */;
}
