// !$*UTF8*$!
{
	archiveVersion = 1;
	classes = {
	};
	objectVersion = 56;
	objects = {

/* Begin PBXBuildFile section */
		2F1C0E592BD9D04100960980 /* LaunchScreen.storyboard in Resources */ = {isa = PBXBuildFile; fileRef = 2F1C0E582BD9D04100960980 /* LaunchScreen.storyboard */; };
		2F1C0E792BDF0DF400960980 /* LoginResponse.swift in Sources */ = {isa = PBXBuildFile; fileRef = 2F1C0E782BDF0DF400960980 /* LoginResponse.swift */; };
		2F41CBBF2BE7E30F000AC5B0 /* OnboardingView.swift in Sources */ = {isa = PBXBuildFile; fileRef = 2F41CBBE2BE7E30F000AC5B0 /* OnboardingView.swift */; };
		2F41CBC12BE7E659000AC5B0 /* RadioButtonView.swift in Sources */ = {isa = PBXBuildFile; fileRef = 2F41CBC02BE7E659000AC5B0 /* RadioButtonView.swift */; };
		2F41CBC52BE7F94A000AC5B0 /* ManagerView.swift in Sources */ = {isa = PBXBuildFile; fileRef = 2F41CBC42BE7F94A000AC5B0 /* ManagerView.swift */; };
		2F41CBC72BE7F956000AC5B0 /* EmployeeView.swift in Sources */ = {isa = PBXBuildFile; fileRef = 2F41CBC62BE7F956000AC5B0 /* EmployeeView.swift */; };
		2F41CBC92BE8060B000AC5B0 /* TextEditorView.swift in Sources */ = {isa = PBXBuildFile; fileRef = 2F41CBC82BE8060B000AC5B0 /* TextEditorView.swift */; };
		2F41CBD12BE810FC000AC5B0 /* KeychainManager.swift in Sources */ = {isa = PBXBuildFile; fileRef = 2F41CBD02BE810FC000AC5B0 /* KeychainManager.swift */; };
		2F41CBD42BE81448000AC5B0 /* CalendarItemView.swift in Sources */ = {isa = PBXBuildFile; fileRef = 2F41CBD32BE81448000AC5B0 /* CalendarItemView.swift */; };
		2F41CBD62BE814CA000AC5B0 /* FilteredCalendarCollectionView.swift in Sources */ = {isa = PBXBuildFile; fileRef = 2F41CBD52BE814CA000AC5B0 /* FilteredCalendarCollectionView.swift */; };
		2F41CBD82BE81BEA000AC5B0 /* DashboardTabView.swift in Sources */ = {isa = PBXBuildFile; fileRef = 2F41CBD72BE81BEA000AC5B0 /* DashboardTabView.swift */; };
		2F41CBDC2BE81C9A000AC5B0 /* AuthenticationRouter.swift in Sources */ = {isa = PBXBuildFile; fileRef = 2F41CBDB2BE81C9A000AC5B0 /* AuthenticationRouter.swift */; };
		2F41CBDE2BE82C51000AC5B0 /* ExtensionForDate.swift in Sources */ = {isa = PBXBuildFile; fileRef = 2F41CBDD2BE82C51000AC5B0 /* ExtensionForDate.swift */; };
		2F41CBE02BE832B7000AC5B0 /* TextFieldModel.swift in Sources */ = {isa = PBXBuildFile; fileRef = 2F41CBDF2BE832B7000AC5B0 /* TextFieldModel.swift */; };
		2F41CBE22BE832E3000AC5B0 /* AttendanceCardModel.swift in Sources */ = {isa = PBXBuildFile; fileRef = 2F41CBE12BE832E3000AC5B0 /* AttendanceCardModel.swift */; };
		2F41CBE42BE83381000AC5B0 /* RadioButtonModel.swift in Sources */ = {isa = PBXBuildFile; fileRef = 2F41CBE32BE83381000AC5B0 /* RadioButtonModel.swift */; };
		2F731B922BFEA47800B3501D /* AvailabilityChangeDetailsView.swift in Sources */ = {isa = PBXBuildFile; fileRef = 2F731B912BFEA47800B3501D /* AvailabilityChangeDetailsView.swift */; };
		2F731B942BFEA4E100B3501D /* AvailabilityButtonModel.swift in Sources */ = {isa = PBXBuildFile; fileRef = 2F731B932BFEA4E100B3501D /* AvailabilityButtonModel.swift */; };
		2F731B962C00088A00B3501D /* PasswordConstraintsModel.swift in Sources */ = {isa = PBXBuildFile; fileRef = 2F731B952C00088A00B3501D /* PasswordConstraintsModel.swift */; };
		2F731B982C00C0A400B3501D /* ConstraintTextModel.swift in Sources */ = {isa = PBXBuildFile; fileRef = 2F731B972C00C0A300B3501D /* ConstraintTextModel.swift */; };
		2F731BBE2C02880F00B3501D /* Alamofire in Frameworks */ = {isa = PBXBuildFile; productRef = 2F731BBD2C02880F00B3501D /* Alamofire */; };
		2F731BC32C02881E00B3501D /* KeychainSwift in Frameworks */ = {isa = PBXBuildFile; productRef = 2F731BC22C02881E00B3501D /* KeychainSwift */; };
		2F731BC62C02882800B3501D /* SimpleToast in Frameworks */ = {isa = PBXBuildFile; productRef = 2F731BC52C02882800B3501D /* SimpleToast */; };
		2F731BC82C02943700B3501D /* AvailabilityRequestsListResponse.swift in Sources */ = {isa = PBXBuildFile; fileRef = 2F731BC72C02943700B3501D /* AvailabilityRequestsListResponse.swift */; };
		2F731BCD2C0297AB00B3501D /* AvailabilityListView.swift in Sources */ = {isa = PBXBuildFile; fileRef = 2F731BCC2C0297AB00B3501D /* AvailabilityListView.swift */; };
		2F731BCF2C0297D300B3501D /* AvailabilityRowView.swift in Sources */ = {isa = PBXBuildFile; fileRef = 2F731BCE2C0297D300B3501D /* AvailabilityRowView.swift */; };
		2F731BD12C0297F100B3501D /* AvailabilityListModel.swift in Sources */ = {isa = PBXBuildFile; fileRef = 2F731BD02C0297F100B3501D /* AvailabilityListModel.swift */; };
		2F731BD32C02985500B3501D /* CustomProgressView.swift in Sources */ = {isa = PBXBuildFile; fileRef = 2F731BD22C02985500B3501D /* CustomProgressView.swift */; };
		2F731BD62C02988E00B3501D /* RoundedRhombus.swift in Sources */ = {isa = PBXBuildFile; fileRef = 2F731BD52C02988E00B3501D /* RoundedRhombus.swift */; };
		2F731BD82C0299C300B3501D /* DashboardRouter.swift in Sources */ = {isa = PBXBuildFile; fileRef = 2F731BD72C0299C300B3501D /* DashboardRouter.swift */; };
		2F731BDA2C029AA100B3501D /* DashboardClient.swift in Sources */ = {isa = PBXBuildFile; fileRef = 2F731BD92C029AA100B3501D /* DashboardClient.swift */; };
		2F731BDC2C02A60100B3501D /* AvailabilityApprovalRequest.swift in Sources */ = {isa = PBXBuildFile; fileRef = 2F731BDB2C02A60100B3501D /* AvailabilityApprovalRequest.swift */; };
		2F731BDE2C02A65200B3501D /* AvailabilityApprovalResponse.swift in Sources */ = {isa = PBXBuildFile; fileRef = 2F731BDD2C02A65200B3501D /* AvailabilityApprovalResponse.swift */; };
		2F731BE22C03DEAC00B3501D /* AvailabilityUpdateRequestResponse.swift in Sources */ = {isa = PBXBuildFile; fileRef = 2F731BE12C03DEAC00B3501D /* AvailabilityUpdateRequestResponse.swift */; };
		2F7446DC2C085A040059899C /* AddEmployeeView.swift in Sources */ = {isa = PBXBuildFile; fileRef = 2F7446DB2C085A040059899C /* AddEmployeeView.swift */; };
		2F7446E52C0B5E8A0059899C /* JobsListView.swift in Sources */ = {isa = PBXBuildFile; fileRef = 2F7446E42C0B5E8A0059899C /* JobsListView.swift */; };
		2F7446E72C0B5FA60059899C /* JobsRouter.swift in Sources */ = {isa = PBXBuildFile; fileRef = 2F7446E62C0B5FA60059899C /* JobsRouter.swift */; };
		2F7446E92C0B60920059899C /* JobsClient.swift in Sources */ = {isa = PBXBuildFile; fileRef = 2F7446E82C0B60920059899C /* JobsClient.swift */; };
		2F7446EE2C0B611E0059899C /* JobsResponse.swift in Sources */ = {isa = PBXBuildFile; fileRef = 2F7446ED2C0B611E0059899C /* JobsResponse.swift */; };
		2F7446F02C0B67BF0059899C /* JobsListModel.swift in Sources */ = {isa = PBXBuildFile; fileRef = 2F7446EF2C0B67BF0059899C /* JobsListModel.swift */; };
		2F7446F22C0B937B0059899C /* AddJobView.swift in Sources */ = {isa = PBXBuildFile; fileRef = 2F7446F12C0B937B0059899C /* AddJobView.swift */; };
		2F7446F42C0B97E00059899C /* UpdateJobResponse.swift in Sources */ = {isa = PBXBuildFile; fileRef = 2F7446F32C0B97E00059899C /* UpdateJobResponse.swift */; };
		2F7446F72C0B99560059899C /* ErrorDescription.swift in Sources */ = {isa = PBXBuildFile; fileRef = 2F7446F62C0B99560059899C /* ErrorDescription.swift */; };
		2F7446FC2C0BDB860059899C /* EmployeeListView.swift in Sources */ = {isa = PBXBuildFile; fileRef = 2F7446FB2C0BDB860059899C /* EmployeeListView.swift */; };
		2F7446FE2C0BDB970059899C /* EmployeeListModel.swift in Sources */ = {isa = PBXBuildFile; fileRef = 2F7446FD2C0BDB970059899C /* EmployeeListModel.swift */; };
		2F7447002C0BDC400059899C /* EmployeesRouter.swift in Sources */ = {isa = PBXBuildFile; fileRef = 2F7446FF2C0BDC400059899C /* EmployeesRouter.swift */; };
		2F7447022C0BDCC20059899C /* EmployeesClient.swift in Sources */ = {isa = PBXBuildFile; fileRef = 2F7447012C0BDCC20059899C /* EmployeesClient.swift */; };
		2F7447052C0BDCEB0059899C /* EmployeesResponse.swift in Sources */ = {isa = PBXBuildFile; fileRef = 2F7447042C0BDCEB0059899C /* EmployeesResponse.swift */; };
		2F7447072C0BE4780059899C /* EmployeeCellView.swift in Sources */ = {isa = PBXBuildFile; fileRef = 2F7447062C0BE4780059899C /* EmployeeCellView.swift */; };
		2F74470B2C0CA0DA0059899C /* PasswordValidationManager.swift in Sources */ = {isa = PBXBuildFile; fileRef = 2F74470A2C0CA0DA0059899C /* PasswordValidationManager.swift */; };
		2F74470D2C0CABCE0059899C /* AddEmployeeModel.swift in Sources */ = {isa = PBXBuildFile; fileRef = 2F74470C2C0CABCE0059899C /* AddEmployeeModel.swift */; };
		2F74470F2C0CE8BE0059899C /* EmployeeDetailsView.swift in Sources */ = {isa = PBXBuildFile; fileRef = 2F74470E2C0CE8BE0059899C /* EmployeeDetailsView.swift */; };
		2F7447132C0FDFCF0059899C /* EmployeeDeletionResponse.swift in Sources */ = {isa = PBXBuildFile; fileRef = 2F7447122C0FDFCF0059899C /* EmployeeDeletionResponse.swift */; };
		2F7447152C11299B0059899C /* EmployeeJobsUpdateResponse.swift in Sources */ = {isa = PBXBuildFile; fileRef = 2F7447142C11299B0059899C /* EmployeeJobsUpdateResponse.swift */; };
		2F74471B2C14A2370059899C /* ToastTypes.swift in Sources */ = {isa = PBXBuildFile; fileRef = 2F74471A2C14A2370059899C /* ToastTypes.swift */; };
		2F7447202C14FEA40059899C /* JobCellView.swift in Sources */ = {isa = PBXBuildFile; fileRef = 2F74471F2C14FEA40059899C /* JobCellView.swift */; };
		2F7942E12BC050A500387D3E /* ChronosApp.swift in Sources */ = {isa = PBXBuildFile; fileRef = 2F7942E02BC050A500387D3E /* ChronosApp.swift */; };
		2F7942E52BC050A800387D3E /* Assets.xcassets in Resources */ = {isa = PBXBuildFile; fileRef = 2F7942E42BC050A800387D3E /* Assets.xcassets */; };
		2F7942E82BC050A800387D3E /* Preview Assets.xcassets in Resources */ = {isa = PBXBuildFile; fileRef = 2F7942E72BC050A800387D3E /* Preview Assets.xcassets */; };
		2F7942F42BC0568500387D3E /* TextFieldView.swift in Sources */ = {isa = PBXBuildFile; fileRef = 2F7942F32BC0568500387D3E /* TextFieldView.swift */; };
		2F7942FA2BC0804400387D3E /* LoginView.swift in Sources */ = {isa = PBXBuildFile; fileRef = 2F7942F92BC0804400387D3E /* LoginView.swift */; };
		2F7943052BC2DDB400387D3E /* MainButton.swift in Sources */ = {isa = PBXBuildFile; fileRef = 2F7943042BC2DDB400387D3E /* MainButton.swift */; };
		2F7943092BC2E5F600387D3E /* Localizable.xcstrings in Resources */ = {isa = PBXBuildFile; fileRef = 2F7943082BC2E5F600387D3E /* Localizable.xcstrings */; };
		2F7943122BC3284900387D3E /* HomeView.swift in Sources */ = {isa = PBXBuildFile; fileRef = 2F7943112BC3284900387D3E /* HomeView.swift */; };
		2F79432C2BC4209200387D3E /* ContentView.swift in Sources */ = {isa = PBXBuildFile; fileRef = 2F79432B2BC4209200387D3E /* ContentView.swift */; };
		2F7943342BC464CB00387D3E /* NavigationRouter.swift in Sources */ = {isa = PBXBuildFile; fileRef = 2F7943332BC464CB00387D3E /* NavigationRouter.swift */; };
		2F7943412BC5816800387D3E /* AuthenticationClient.swift in Sources */ = {isa = PBXBuildFile; fileRef = 2F7943402BC5816800387D3E /* AuthenticationClient.swift */; };
		2F7943432BC5824400387D3E /* BaseRouter.swift in Sources */ = {isa = PBXBuildFile; fileRef = 2F7943422BC5824400387D3E /* BaseRouter.swift */; };
		2F7943462BC58A5A00387D3E /* RegistrationView.swift in Sources */ = {isa = PBXBuildFile; fileRef = 2F7943452BC58A5A00387D3E /* RegistrationView.swift */; };
		2F7943482BC5927900387D3E /* FooterButton.swift in Sources */ = {isa = PBXBuildFile; fileRef = 2F7943472BC5927900387D3E /* FooterButton.swift */; };
		2F79435A2BC6CFF900387D3E /* SwipeToUnlockView.swift in Sources */ = {isa = PBXBuildFile; fileRef = 2F7943592BC6CFF900387D3E /* SwipeToUnlockView.swift */; };
		2F7943642BCAE6E900387D3E /* AttendanceCardView.swift in Sources */ = {isa = PBXBuildFile; fileRef = 2F7943632BCAE6E900387D3E /* AttendanceCardView.swift */; };
		2F7943662BCAFCC700387D3E /* ActivityCardView.swift in Sources */ = {isa = PBXBuildFile; fileRef = 2F7943652BCAFCC700387D3E /* ActivityCardView.swift */; };
		2F928D4E2BD1189D004AAED3 /* ProgressLoader.swift in Sources */ = {isa = PBXBuildFile; fileRef = 2F928D4D2BD1189D004AAED3 /* ProgressLoader.swift */; };
		2F928D542BD32DB7004AAED3 /* ProfileHeaderView.swift in Sources */ = {isa = PBXBuildFile; fileRef = 2F928D532BD32DB7004AAED3 /* ProfileHeaderView.swift */; };
		2FDECA7C2BE90FE400B3129B /* OnboardingManagerRequest.swift in Sources */ = {isa = PBXBuildFile; fileRef = 2FDECA7B2BE90FE400B3129B /* OnboardingManagerRequest.swift */; };
		2FDECA7E2BE9132B00B3129B /* OnboardingEmployeeRequest.swift in Sources */ = {isa = PBXBuildFile; fileRef = 2FDECA7D2BE9132B00B3129B /* OnboardingEmployeeRequest.swift */; };
		2FDECA822BE9153C00B3129B /* ManagerOnboardingResponse.swift in Sources */ = {isa = PBXBuildFile; fileRef = 2FDECA812BE9153C00B3129B /* ManagerOnboardingResponse.swift */; };
		2FDECA862BE974A600B3129B /* ToastView.swift in Sources */ = {isa = PBXBuildFile; fileRef = 2FDECA852BE974A600B3129B /* ToastView.swift */; };
		2FDECA8B2BEBC55B00B3129B /* KeychainKeys.swift in Sources */ = {isa = PBXBuildFile; fileRef = 2FDECA8A2BEBC55B00B3129B /* KeychainKeys.swift */; };
		2FDECA8E2BEBE1C300B3129B /* ProfileView.swift in Sources */ = {isa = PBXBuildFile; fileRef = 2FDECA8D2BEBE1C300B3129B /* ProfileView.swift */; };
		2FDECA942BECD61900B3129B /* EditProfileView.swift in Sources */ = {isa = PBXBuildFile; fileRef = 2FDECA932BECD61900B3129B /* EditProfileView.swift */; };
		2FDECA9D2BEFB2CD00B3129B /* CheckInOutResponse.swift in Sources */ = {isa = PBXBuildFile; fileRef = 2FDECA9C2BEFB2CD00B3129B /* CheckInOutResponse.swift */; };
		2FDECA9F2BEFB3A400B3129B /* DashboardRequest.swift in Sources */ = {isa = PBXBuildFile; fileRef = 2FDECA9E2BEFB3A400B3129B /* DashboardRequest.swift */; };
		2FDECAA12BEFB40A00B3129B /* DashboardResponse.swift in Sources */ = {isa = PBXBuildFile; fileRef = 2FDECAA02BEFB40A00B3129B /* DashboardResponse.swift */; };
		2FDECAA32BEFBD0800B3129B /* OnboardingEmployeeRespone.swift in Sources */ = {isa = PBXBuildFile; fileRef = 2FDECAA22BEFBD0800B3129B /* OnboardingEmployeeRespone.swift */; };
		2FDECAA52BF014B700B3129B /* LoginRequest.swift in Sources */ = {isa = PBXBuildFile; fileRef = 2FDECAA42BF014B700B3129B /* LoginRequest.swift */; };
		2FDECAA72BF0D0C500B3129B /* ShiftView.swift in Sources */ = {isa = PBXBuildFile; fileRef = 2FDECAA62BF0D0C500B3129B /* ShiftView.swift */; };
		2FEFBB252C1F8F2D005E3FB4 /* ScrollableListView.swift in Sources */ = {isa = PBXBuildFile; fileRef = 2FEFBB242C1F8F2D005E3FB4 /* ScrollableListView.swift */; };
		2FEFBB2A2C1FAC1B005E3FB4 /* ListCellView.swift in Sources */ = {isa = PBXBuildFile; fileRef = 2FEFBB292C1FAC1B005E3FB4 /* ListCellView.swift */; };
		2FEFBB2C2C20D1BF005E3FB4 /* ItemsListView.swift in Sources */ = {isa = PBXBuildFile; fileRef = 2FEFBB2B2C20D1BF005E3FB4 /* ItemsListView.swift */; };
		2FF8ADC42BF3965800DB9C4E /* ProfileRowModel.swift in Sources */ = {isa = PBXBuildFile; fileRef = 2FF8ADC32BF3965800DB9C4E /* ProfileRowModel.swift */; };
		2FF8ADCB2BF41B9600DB9C4E /* HomeModel.swift in Sources */ = {isa = PBXBuildFile; fileRef = 2FF8ADCA2BF41B9600DB9C4E /* HomeModel.swift */; };
		2FF8ADD22BF4D12800DB9C4E /* AvailabilityView.swift in Sources */ = {isa = PBXBuildFile; fileRef = 2FF8ADD12BF4D12800DB9C4E /* AvailabilityView.swift */; };
		2FF8ADD82BF51DF300DB9C4E /* WeekdaysView.swift in Sources */ = {isa = PBXBuildFile; fileRef = 2FF8ADD72BF51DF300DB9C4E /* WeekdaysView.swift */; };
		2FF8ADDE2BF51F7D00DB9C4E /* Weekday.swift in Sources */ = {isa = PBXBuildFile; fileRef = 2FF8ADDD2BF51F7D00DB9C4E /* Weekday.swift */; };
		2FF8ADE02BF6046900DB9C4E /* RegistrationModel.swift in Sources */ = {isa = PBXBuildFile; fileRef = 2FF8ADDF2BF6046900DB9C4E /* RegistrationModel.swift */; };
		2FF8ADE62BF607D600DB9C4E /* LoginModel.swift in Sources */ = {isa = PBXBuildFile; fileRef = 2FF8ADE52BF607D600DB9C4E /* LoginModel.swift */; };
		2FF8ADE82BF8FA2800DB9C4E /* TrackableScrollView.swift in Sources */ = {isa = PBXBuildFile; fileRef = 2FF8ADE72BF8FA2800DB9C4E /* TrackableScrollView.swift */; };
		2FF8ADEC2BF924B900DB9C4E /* ManagerModel.swift in Sources */ = {isa = PBXBuildFile; fileRef = 2FF8ADEB2BF924B900DB9C4E /* ManagerModel.swift */; };
		2FF8ADEE2BF9258700DB9C4E /* EmployeeModel.swift in Sources */ = {isa = PBXBuildFile; fileRef = 2FF8ADED2BF9258700DB9C4E /* EmployeeModel.swift */; };
		8B0810492BC9AA7300CB5930 /* BaseClient.swift in Sources */ = {isa = PBXBuildFile; fileRef = 8B0810482BC9AA7300CB5930 /* BaseClient.swift */; };
		8B08104B2BCAB44300CB5930 /* NetworkConstants.swift in Sources */ = {isa = PBXBuildFile; fileRef = 8B08104A2BCAB44300CB5930 /* NetworkConstants.swift */; };
		8B2829EA2C22E84900CE9220 /* ScheduleView.swift in Sources */ = {isa = PBXBuildFile; fileRef = 8B2829E92C22E84900CE9220 /* ScheduleView.swift */; };
		8B37D1062C26DAAF001D4739 /* ScheduleViewModel.swift in Sources */ = {isa = PBXBuildFile; fileRef = 8B37D1052C26DAAF001D4739 /* ScheduleViewModel.swift */; };
		8B586BAF2C2309E700F8DE98 /* CreateShiftView.swift in Sources */ = {isa = PBXBuildFile; fileRef = 8B586BAE2C2309E700F8DE98 /* CreateShiftView.swift */; };
		8B586BB12C231C4900F8DE98 /* ScheduleRouter.swift in Sources */ = {isa = PBXBuildFile; fileRef = 8B586BB02C231C4900F8DE98 /* ScheduleRouter.swift */; };
		8B586BB32C231D1500F8DE98 /* ScheduleClient.swift in Sources */ = {isa = PBXBuildFile; fileRef = 8B586BB22C231D1500F8DE98 /* ScheduleClient.swift */; };
		8B586BB62C231F4E00F8DE98 /* Shifts.swift in Sources */ = {isa = PBXBuildFile; fileRef = 8B586BB52C231F4E00F8DE98 /* Shifts.swift */; };
		8B586BBB2C23433900F8DE98 /* CreateShiftViewModel.swift in Sources */ = {isa = PBXBuildFile; fileRef = 8B586BBA2C23433900F8DE98 /* CreateShiftViewModel.swift */; };
		8B81C2AA2C0265CC000DA507 /* AvailabilityRouter.swift in Sources */ = {isa = PBXBuildFile; fileRef = 8B81C2A92C0265CC000DA507 /* AvailabilityRouter.swift */; };
		8B81C2AC2C026663000DA507 /* AvailabilityClient.swift in Sources */ = {isa = PBXBuildFile; fileRef = 8B81C2AB2C026663000DA507 /* AvailabilityClient.swift */; };
		8B81C2AF2C0266E8000DA507 /* Availability.swift in Sources */ = {isa = PBXBuildFile; fileRef = 8B81C2AE2C0266E8000DA507 /* Availability.swift */; };
		8BDAD7082BFA852C00893D5F /* WeekdayModel.swift in Sources */ = {isa = PBXBuildFile; fileRef = 8BDAD7072BFA852C00893D5F /* WeekdayModel.swift */; };
/* End PBXBuildFile section */

/* Begin PBXFileReference section */
		2F1C0E582BD9D04100960980 /* LaunchScreen.storyboard */ = {isa = PBXFileReference; lastKnownFileType = file.storyboard; path = LaunchScreen.storyboard; sourceTree = "<group>"; };
		2F1C0E782BDF0DF400960980 /* LoginResponse.swift */ = {isa = PBXFileReference; lastKnownFileType = sourcecode.swift; path = LoginResponse.swift; sourceTree = "<group>"; };
		2F41CBBE2BE7E30F000AC5B0 /* OnboardingView.swift */ = {isa = PBXFileReference; lastKnownFileType = sourcecode.swift; path = OnboardingView.swift; sourceTree = "<group>"; };
		2F41CBC02BE7E659000AC5B0 /* RadioButtonView.swift */ = {isa = PBXFileReference; lastKnownFileType = sourcecode.swift; path = RadioButtonView.swift; sourceTree = "<group>"; };
		2F41CBC42BE7F94A000AC5B0 /* ManagerView.swift */ = {isa = PBXFileReference; lastKnownFileType = sourcecode.swift; path = ManagerView.swift; sourceTree = "<group>"; };
		2F41CBC62BE7F956000AC5B0 /* EmployeeView.swift */ = {isa = PBXFileReference; lastKnownFileType = sourcecode.swift; path = EmployeeView.swift; sourceTree = "<group>"; };
		2F41CBC82BE8060B000AC5B0 /* TextEditorView.swift */ = {isa = PBXFileReference; lastKnownFileType = sourcecode.swift; path = TextEditorView.swift; sourceTree = "<group>"; };
		2F41CBD02BE810FC000AC5B0 /* KeychainManager.swift */ = {isa = PBXFileReference; lastKnownFileType = sourcecode.swift; path = KeychainManager.swift; sourceTree = "<group>"; };
		2F41CBD32BE81448000AC5B0 /* CalendarItemView.swift */ = {isa = PBXFileReference; lastKnownFileType = sourcecode.swift; path = CalendarItemView.swift; sourceTree = "<group>"; };
		2F41CBD52BE814CA000AC5B0 /* FilteredCalendarCollectionView.swift */ = {isa = PBXFileReference; lastKnownFileType = sourcecode.swift; path = FilteredCalendarCollectionView.swift; sourceTree = "<group>"; };
		2F41CBD72BE81BEA000AC5B0 /* DashboardTabView.swift */ = {isa = PBXFileReference; lastKnownFileType = sourcecode.swift; path = DashboardTabView.swift; sourceTree = "<group>"; };
		2F41CBDB2BE81C9A000AC5B0 /* AuthenticationRouter.swift */ = {isa = PBXFileReference; lastKnownFileType = sourcecode.swift; path = AuthenticationRouter.swift; sourceTree = "<group>"; };
		2F41CBDD2BE82C51000AC5B0 /* ExtensionForDate.swift */ = {isa = PBXFileReference; lastKnownFileType = sourcecode.swift; path = ExtensionForDate.swift; sourceTree = "<group>"; };
		2F41CBDF2BE832B7000AC5B0 /* TextFieldModel.swift */ = {isa = PBXFileReference; lastKnownFileType = sourcecode.swift; path = TextFieldModel.swift; sourceTree = "<group>"; };
		2F41CBE12BE832E3000AC5B0 /* AttendanceCardModel.swift */ = {isa = PBXFileReference; lastKnownFileType = sourcecode.swift; path = AttendanceCardModel.swift; sourceTree = "<group>"; };
		2F41CBE32BE83381000AC5B0 /* RadioButtonModel.swift */ = {isa = PBXFileReference; lastKnownFileType = sourcecode.swift; path = RadioButtonModel.swift; sourceTree = "<group>"; };
		2F731B912BFEA47800B3501D /* AvailabilityChangeDetailsView.swift */ = {isa = PBXFileReference; lastKnownFileType = sourcecode.swift; path = AvailabilityChangeDetailsView.swift; sourceTree = "<group>"; };
		2F731B932BFEA4E100B3501D /* AvailabilityButtonModel.swift */ = {isa = PBXFileReference; lastKnownFileType = sourcecode.swift; path = AvailabilityButtonModel.swift; sourceTree = "<group>"; };
		2F731B952C00088A00B3501D /* PasswordConstraintsModel.swift */ = {isa = PBXFileReference; lastKnownFileType = sourcecode.swift; path = PasswordConstraintsModel.swift; sourceTree = "<group>"; };
		2F731B972C00C0A300B3501D /* ConstraintTextModel.swift */ = {isa = PBXFileReference; lastKnownFileType = sourcecode.swift; path = ConstraintTextModel.swift; sourceTree = "<group>"; };
		2F731BC72C02943700B3501D /* AvailabilityRequestsListResponse.swift */ = {isa = PBXFileReference; lastKnownFileType = sourcecode.swift; path = AvailabilityRequestsListResponse.swift; sourceTree = "<group>"; };
		2F731BCC2C0297AB00B3501D /* AvailabilityListView.swift */ = {isa = PBXFileReference; lastKnownFileType = sourcecode.swift; path = AvailabilityListView.swift; sourceTree = "<group>"; };
		2F731BCE2C0297D300B3501D /* AvailabilityRowView.swift */ = {isa = PBXFileReference; lastKnownFileType = sourcecode.swift; path = AvailabilityRowView.swift; sourceTree = "<group>"; };
		2F731BD02C0297F100B3501D /* AvailabilityListModel.swift */ = {isa = PBXFileReference; lastKnownFileType = sourcecode.swift; path = AvailabilityListModel.swift; sourceTree = "<group>"; };
		2F731BD22C02985500B3501D /* CustomProgressView.swift */ = {isa = PBXFileReference; lastKnownFileType = sourcecode.swift; path = CustomProgressView.swift; sourceTree = "<group>"; };
		2F731BD52C02988E00B3501D /* RoundedRhombus.swift */ = {isa = PBXFileReference; lastKnownFileType = sourcecode.swift; path = RoundedRhombus.swift; sourceTree = "<group>"; };
		2F731BD72C0299C300B3501D /* DashboardRouter.swift */ = {isa = PBXFileReference; lastKnownFileType = sourcecode.swift; path = DashboardRouter.swift; sourceTree = "<group>"; };
		2F731BD92C029AA100B3501D /* DashboardClient.swift */ = {isa = PBXFileReference; lastKnownFileType = sourcecode.swift; path = DashboardClient.swift; sourceTree = "<group>"; };
		2F731BDB2C02A60100B3501D /* AvailabilityApprovalRequest.swift */ = {isa = PBXFileReference; lastKnownFileType = sourcecode.swift; path = AvailabilityApprovalRequest.swift; sourceTree = "<group>"; };
		2F731BDD2C02A65200B3501D /* AvailabilityApprovalResponse.swift */ = {isa = PBXFileReference; lastKnownFileType = sourcecode.swift; path = AvailabilityApprovalResponse.swift; sourceTree = "<group>"; };
		2F731BE12C03DEAC00B3501D /* AvailabilityUpdateRequestResponse.swift */ = {isa = PBXFileReference; lastKnownFileType = sourcecode.swift; path = AvailabilityUpdateRequestResponse.swift; sourceTree = "<group>"; };
		2F7446DB2C085A040059899C /* AddEmployeeView.swift */ = {isa = PBXFileReference; lastKnownFileType = sourcecode.swift; path = AddEmployeeView.swift; sourceTree = "<group>"; };
		2F7446E42C0B5E8A0059899C /* JobsListView.swift */ = {isa = PBXFileReference; lastKnownFileType = sourcecode.swift; path = JobsListView.swift; sourceTree = "<group>"; };
		2F7446E62C0B5FA60059899C /* JobsRouter.swift */ = {isa = PBXFileReference; lastKnownFileType = sourcecode.swift; path = JobsRouter.swift; sourceTree = "<group>"; };
		2F7446E82C0B60920059899C /* JobsClient.swift */ = {isa = PBXFileReference; lastKnownFileType = sourcecode.swift; path = JobsClient.swift; sourceTree = "<group>"; };
		2F7446ED2C0B611E0059899C /* JobsResponse.swift */ = {isa = PBXFileReference; lastKnownFileType = sourcecode.swift; path = JobsResponse.swift; sourceTree = "<group>"; };
		2F7446EF2C0B67BF0059899C /* JobsListModel.swift */ = {isa = PBXFileReference; lastKnownFileType = sourcecode.swift; path = JobsListModel.swift; sourceTree = "<group>"; };
		2F7446F12C0B937B0059899C /* AddJobView.swift */ = {isa = PBXFileReference; lastKnownFileType = sourcecode.swift; path = AddJobView.swift; sourceTree = "<group>"; };
		2F7446F32C0B97E00059899C /* UpdateJobResponse.swift */ = {isa = PBXFileReference; lastKnownFileType = sourcecode.swift; path = UpdateJobResponse.swift; sourceTree = "<group>"; };
		2F7446F62C0B99560059899C /* ErrorDescription.swift */ = {isa = PBXFileReference; lastKnownFileType = sourcecode.swift; path = ErrorDescription.swift; sourceTree = "<group>"; };
		2F7446FB2C0BDB860059899C /* EmployeeListView.swift */ = {isa = PBXFileReference; lastKnownFileType = sourcecode.swift; path = EmployeeListView.swift; sourceTree = "<group>"; };
		2F7446FD2C0BDB970059899C /* EmployeeListModel.swift */ = {isa = PBXFileReference; lastKnownFileType = sourcecode.swift; path = EmployeeListModel.swift; sourceTree = "<group>"; };
		2F7446FF2C0BDC400059899C /* EmployeesRouter.swift */ = {isa = PBXFileReference; lastKnownFileType = sourcecode.swift; path = EmployeesRouter.swift; sourceTree = "<group>"; };
		2F7447012C0BDCC20059899C /* EmployeesClient.swift */ = {isa = PBXFileReference; lastKnownFileType = sourcecode.swift; path = EmployeesClient.swift; sourceTree = "<group>"; };
		2F7447042C0BDCEB0059899C /* EmployeesResponse.swift */ = {isa = PBXFileReference; lastKnownFileType = sourcecode.swift; path = EmployeesResponse.swift; sourceTree = "<group>"; };
		2F7447062C0BE4780059899C /* EmployeeCellView.swift */ = {isa = PBXFileReference; lastKnownFileType = sourcecode.swift; path = EmployeeCellView.swift; sourceTree = "<group>"; };
		2F74470A2C0CA0DA0059899C /* PasswordValidationManager.swift */ = {isa = PBXFileReference; lastKnownFileType = sourcecode.swift; path = PasswordValidationManager.swift; sourceTree = "<group>"; };
		2F74470C2C0CABCE0059899C /* AddEmployeeModel.swift */ = {isa = PBXFileReference; lastKnownFileType = sourcecode.swift; path = AddEmployeeModel.swift; sourceTree = "<group>"; };
		2F74470E2C0CE8BE0059899C /* EmployeeDetailsView.swift */ = {isa = PBXFileReference; lastKnownFileType = sourcecode.swift; path = EmployeeDetailsView.swift; sourceTree = "<group>"; };
		2F7447122C0FDFCF0059899C /* EmployeeDeletionResponse.swift */ = {isa = PBXFileReference; lastKnownFileType = sourcecode.swift; path = EmployeeDeletionResponse.swift; sourceTree = "<group>"; };
		2F7447142C11299B0059899C /* EmployeeJobsUpdateResponse.swift */ = {isa = PBXFileReference; lastKnownFileType = sourcecode.swift; path = EmployeeJobsUpdateResponse.swift; sourceTree = "<group>"; };
		2F74471A2C14A2370059899C /* ToastTypes.swift */ = {isa = PBXFileReference; lastKnownFileType = sourcecode.swift; path = ToastTypes.swift; sourceTree = "<group>"; };
		2F74471F2C14FEA40059899C /* JobCellView.swift */ = {isa = PBXFileReference; lastKnownFileType = sourcecode.swift; path = JobCellView.swift; sourceTree = "<group>"; };
		2F7942DD2BC050A500387D3E /* Chronos.app */ = {isa = PBXFileReference; explicitFileType = wrapper.application; includeInIndex = 0; path = Chronos.app; sourceTree = BUILT_PRODUCTS_DIR; };
		2F7942E02BC050A500387D3E /* ChronosApp.swift */ = {isa = PBXFileReference; lastKnownFileType = sourcecode.swift; path = ChronosApp.swift; sourceTree = "<group>"; };
		2F7942E42BC050A800387D3E /* Assets.xcassets */ = {isa = PBXFileReference; lastKnownFileType = folder.assetcatalog; path = Assets.xcassets; sourceTree = "<group>"; };
		2F7942E72BC050A800387D3E /* Preview Assets.xcassets */ = {isa = PBXFileReference; lastKnownFileType = folder.assetcatalog; path = "Preview Assets.xcassets"; sourceTree = "<group>"; };
		2F7942F32BC0568500387D3E /* TextFieldView.swift */ = {isa = PBXFileReference; lastKnownFileType = sourcecode.swift; path = TextFieldView.swift; sourceTree = "<group>"; };
		2F7942F92BC0804400387D3E /* LoginView.swift */ = {isa = PBXFileReference; lastKnownFileType = sourcecode.swift; path = LoginView.swift; sourceTree = "<group>"; };
		2F7943042BC2DDB400387D3E /* MainButton.swift */ = {isa = PBXFileReference; lastKnownFileType = sourcecode.swift; path = MainButton.swift; sourceTree = "<group>"; };
		2F7943082BC2E5F600387D3E /* Localizable.xcstrings */ = {isa = PBXFileReference; lastKnownFileType = text.json.xcstrings; path = Localizable.xcstrings; sourceTree = "<group>"; };
		2F7943112BC3284900387D3E /* HomeView.swift */ = {isa = PBXFileReference; lastKnownFileType = sourcecode.swift; path = HomeView.swift; sourceTree = "<group>"; };
		2F79432B2BC4209200387D3E /* ContentView.swift */ = {isa = PBXFileReference; lastKnownFileType = sourcecode.swift; path = ContentView.swift; sourceTree = "<group>"; };
		2F7943332BC464CB00387D3E /* NavigationRouter.swift */ = {isa = PBXFileReference; lastKnownFileType = sourcecode.swift; path = NavigationRouter.swift; sourceTree = "<group>"; };
		2F7943402BC5816800387D3E /* AuthenticationClient.swift */ = {isa = PBXFileReference; lastKnownFileType = sourcecode.swift; path = AuthenticationClient.swift; sourceTree = "<group>"; };
		2F7943422BC5824400387D3E /* BaseRouter.swift */ = {isa = PBXFileReference; lastKnownFileType = sourcecode.swift; path = BaseRouter.swift; sourceTree = "<group>"; };
		2F7943452BC58A5A00387D3E /* RegistrationView.swift */ = {isa = PBXFileReference; lastKnownFileType = sourcecode.swift; path = RegistrationView.swift; sourceTree = "<group>"; };
		2F7943472BC5927900387D3E /* FooterButton.swift */ = {isa = PBXFileReference; lastKnownFileType = sourcecode.swift; path = FooterButton.swift; sourceTree = "<group>"; };
		2F7943592BC6CFF900387D3E /* SwipeToUnlockView.swift */ = {isa = PBXFileReference; lastKnownFileType = sourcecode.swift; path = SwipeToUnlockView.swift; sourceTree = "<group>"; };
		2F7943632BCAE6E900387D3E /* AttendanceCardView.swift */ = {isa = PBXFileReference; lastKnownFileType = sourcecode.swift; path = AttendanceCardView.swift; sourceTree = "<group>"; };
		2F7943652BCAFCC700387D3E /* ActivityCardView.swift */ = {isa = PBXFileReference; lastKnownFileType = sourcecode.swift; path = ActivityCardView.swift; sourceTree = "<group>"; };
		2F928D4D2BD1189D004AAED3 /* ProgressLoader.swift */ = {isa = PBXFileReference; lastKnownFileType = sourcecode.swift; path = ProgressLoader.swift; sourceTree = "<group>"; };
		2F928D532BD32DB7004AAED3 /* ProfileHeaderView.swift */ = {isa = PBXFileReference; lastKnownFileType = sourcecode.swift; path = ProfileHeaderView.swift; sourceTree = "<group>"; };
		2FDECA7B2BE90FE400B3129B /* OnboardingManagerRequest.swift */ = {isa = PBXFileReference; lastKnownFileType = sourcecode.swift; path = OnboardingManagerRequest.swift; sourceTree = "<group>"; };
		2FDECA7D2BE9132B00B3129B /* OnboardingEmployeeRequest.swift */ = {isa = PBXFileReference; lastKnownFileType = sourcecode.swift; path = OnboardingEmployeeRequest.swift; sourceTree = "<group>"; };
		2FDECA812BE9153C00B3129B /* ManagerOnboardingResponse.swift */ = {isa = PBXFileReference; lastKnownFileType = sourcecode.swift; path = ManagerOnboardingResponse.swift; sourceTree = "<group>"; };
		2FDECA852BE974A600B3129B /* ToastView.swift */ = {isa = PBXFileReference; lastKnownFileType = sourcecode.swift; path = ToastView.swift; sourceTree = "<group>"; };
		2FDECA8A2BEBC55B00B3129B /* KeychainKeys.swift */ = {isa = PBXFileReference; lastKnownFileType = sourcecode.swift; path = KeychainKeys.swift; sourceTree = "<group>"; };
		2FDECA8D2BEBE1C300B3129B /* ProfileView.swift */ = {isa = PBXFileReference; lastKnownFileType = sourcecode.swift; path = ProfileView.swift; sourceTree = "<group>"; };
		2FDECA932BECD61900B3129B /* EditProfileView.swift */ = {isa = PBXFileReference; lastKnownFileType = sourcecode.swift; path = EditProfileView.swift; sourceTree = "<group>"; };
		2FDECA9C2BEFB2CD00B3129B /* CheckInOutResponse.swift */ = {isa = PBXFileReference; lastKnownFileType = sourcecode.swift; path = CheckInOutResponse.swift; sourceTree = "<group>"; };
		2FDECA9E2BEFB3A400B3129B /* DashboardRequest.swift */ = {isa = PBXFileReference; lastKnownFileType = sourcecode.swift; path = DashboardRequest.swift; sourceTree = "<group>"; };
		2FDECAA02BEFB40A00B3129B /* DashboardResponse.swift */ = {isa = PBXFileReference; lastKnownFileType = sourcecode.swift; path = DashboardResponse.swift; sourceTree = "<group>"; };
		2FDECAA22BEFBD0800B3129B /* OnboardingEmployeeRespone.swift */ = {isa = PBXFileReference; lastKnownFileType = sourcecode.swift; path = OnboardingEmployeeRespone.swift; sourceTree = "<group>"; };
		2FDECAA42BF014B700B3129B /* LoginRequest.swift */ = {isa = PBXFileReference; lastKnownFileType = sourcecode.swift; path = LoginRequest.swift; sourceTree = "<group>"; };
		2FDECAA62BF0D0C500B3129B /* ShiftView.swift */ = {isa = PBXFileReference; lastKnownFileType = sourcecode.swift; path = ShiftView.swift; sourceTree = "<group>"; };
		2FEFBB242C1F8F2D005E3FB4 /* ScrollableListView.swift */ = {isa = PBXFileReference; lastKnownFileType = sourcecode.swift; path = ScrollableListView.swift; sourceTree = "<group>"; };
		2FEFBB292C1FAC1B005E3FB4 /* ListCellView.swift */ = {isa = PBXFileReference; lastKnownFileType = sourcecode.swift; path = ListCellView.swift; sourceTree = "<group>"; };
		2FEFBB2B2C20D1BF005E3FB4 /* ItemsListView.swift */ = {isa = PBXFileReference; lastKnownFileType = sourcecode.swift; path = ItemsListView.swift; sourceTree = "<group>"; };
		2FF8ADC32BF3965800DB9C4E /* ProfileRowModel.swift */ = {isa = PBXFileReference; lastKnownFileType = sourcecode.swift; path = ProfileRowModel.swift; sourceTree = "<group>"; };
		2FF8ADCA2BF41B9600DB9C4E /* HomeModel.swift */ = {isa = PBXFileReference; lastKnownFileType = sourcecode.swift; path = HomeModel.swift; sourceTree = "<group>"; };
		2FF8ADD12BF4D12800DB9C4E /* AvailabilityView.swift */ = {isa = PBXFileReference; lastKnownFileType = sourcecode.swift; path = AvailabilityView.swift; sourceTree = "<group>"; };
		2FF8ADD72BF51DF300DB9C4E /* WeekdaysView.swift */ = {isa = PBXFileReference; lastKnownFileType = sourcecode.swift; path = WeekdaysView.swift; sourceTree = "<group>"; };
		2FF8ADDD2BF51F7D00DB9C4E /* Weekday.swift */ = {isa = PBXFileReference; lastKnownFileType = sourcecode.swift; path = Weekday.swift; sourceTree = "<group>"; };
		2FF8ADDF2BF6046900DB9C4E /* RegistrationModel.swift */ = {isa = PBXFileReference; lastKnownFileType = sourcecode.swift; path = RegistrationModel.swift; sourceTree = "<group>"; };
		2FF8ADE52BF607D600DB9C4E /* LoginModel.swift */ = {isa = PBXFileReference; lastKnownFileType = sourcecode.swift; path = LoginModel.swift; sourceTree = "<group>"; };
		2FF8ADE72BF8FA2800DB9C4E /* TrackableScrollView.swift */ = {isa = PBXFileReference; lastKnownFileType = sourcecode.swift; path = TrackableScrollView.swift; sourceTree = "<group>"; };
		2FF8ADEB2BF924B900DB9C4E /* ManagerModel.swift */ = {isa = PBXFileReference; lastKnownFileType = sourcecode.swift; path = ManagerModel.swift; sourceTree = "<group>"; };
		2FF8ADED2BF9258700DB9C4E /* EmployeeModel.swift */ = {isa = PBXFileReference; lastKnownFileType = sourcecode.swift; path = EmployeeModel.swift; sourceTree = "<group>"; };
		8B0810482BC9AA7300CB5930 /* BaseClient.swift */ = {isa = PBXFileReference; lastKnownFileType = sourcecode.swift; path = BaseClient.swift; sourceTree = "<group>"; };
		8B08104A2BCAB44300CB5930 /* NetworkConstants.swift */ = {isa = PBXFileReference; lastKnownFileType = sourcecode.swift; path = NetworkConstants.swift; sourceTree = "<group>"; };
		8B2829E92C22E84900CE9220 /* ScheduleView.swift */ = {isa = PBXFileReference; lastKnownFileType = sourcecode.swift; path = ScheduleView.swift; sourceTree = "<group>"; };
		8B37D1052C26DAAF001D4739 /* ScheduleViewModel.swift */ = {isa = PBXFileReference; lastKnownFileType = sourcecode.swift; path = ScheduleViewModel.swift; sourceTree = "<group>"; };
		8B586BAE2C2309E700F8DE98 /* CreateShiftView.swift */ = {isa = PBXFileReference; lastKnownFileType = sourcecode.swift; path = CreateShiftView.swift; sourceTree = "<group>"; };
		8B586BB02C231C4900F8DE98 /* ScheduleRouter.swift */ = {isa = PBXFileReference; lastKnownFileType = sourcecode.swift; path = ScheduleRouter.swift; sourceTree = "<group>"; };
		8B586BB22C231D1500F8DE98 /* ScheduleClient.swift */ = {isa = PBXFileReference; lastKnownFileType = sourcecode.swift; path = ScheduleClient.swift; sourceTree = "<group>"; };
		8B586BB52C231F4E00F8DE98 /* Shifts.swift */ = {isa = PBXFileReference; lastKnownFileType = sourcecode.swift; path = Shifts.swift; sourceTree = "<group>"; };
		8B586BBA2C23433900F8DE98 /* CreateShiftViewModel.swift */ = {isa = PBXFileReference; lastKnownFileType = sourcecode.swift; path = CreateShiftViewModel.swift; sourceTree = "<group>"; };
		8B81C2A92C0265CC000DA507 /* AvailabilityRouter.swift */ = {isa = PBXFileReference; lastKnownFileType = sourcecode.swift; path = AvailabilityRouter.swift; sourceTree = "<group>"; };
		8B81C2AB2C026663000DA507 /* AvailabilityClient.swift */ = {isa = PBXFileReference; lastKnownFileType = sourcecode.swift; path = AvailabilityClient.swift; sourceTree = "<group>"; };
		8B81C2AE2C0266E8000DA507 /* Availability.swift */ = {isa = PBXFileReference; lastKnownFileType = sourcecode.swift; path = Availability.swift; sourceTree = "<group>"; };
		8BDAD7072BFA852C00893D5F /* WeekdayModel.swift */ = {isa = PBXFileReference; lastKnownFileType = sourcecode.swift; path = WeekdayModel.swift; sourceTree = "<group>"; };
/* End PBXFileReference section */

/* Begin PBXFrameworksBuildPhase section */
		2F7942DA2BC050A500387D3E /* Frameworks */ = {
			isa = PBXFrameworksBuildPhase;
			buildActionMask = 2147483647;
			files = (
				2F731BC62C02882800B3501D /* SimpleToast in Frameworks */,
				2F731BC32C02881E00B3501D /* KeychainSwift in Frameworks */,
				2F731BBE2C02880F00B3501D /* Alamofire in Frameworks */,
			);
			runOnlyForDeploymentPostprocessing = 0;
		};
/* End PBXFrameworksBuildPhase section */

/* Begin PBXGroup section */
		2F41CBBD2BE7E2E5000AC5B0 /* Onboarding */ = {
			isa = PBXGroup;
			children = (
				2FF8ADC62BF3A24100DB9C4E /* Models */,
				2FF8ADC52BF3A23A00DB9C4E /* Views */,
			);
			path = Onboarding;
			sourceTree = "<group>";
		};
		2F41CBCF2BE810D9000AC5B0 /* KeychainManager */ = {
			isa = PBXGroup;
			children = (
				2F41CBD02BE810FC000AC5B0 /* KeychainManager.swift */,
				2FDECA8A2BEBC55B00B3129B /* KeychainKeys.swift */,
			);
			path = KeychainManager;
			sourceTree = "<group>";
		};
		2F41CBD22BE81407000AC5B0 /* Calendar */ = {
			isa = PBXGroup;
			children = (
				2F41CBD52BE814CA000AC5B0 /* FilteredCalendarCollectionView.swift */,
				2F41CBD32BE81448000AC5B0 /* CalendarItemView.swift */,
				2F41CBDD2BE82C51000AC5B0 /* ExtensionForDate.swift */,
			);
			path = Calendar;
			sourceTree = "<group>";
		};
		2F731BC92C02975E00B3501D /* AvailabilityList */ = {
			isa = PBXGroup;
			children = (
				2F731BCB2C02979C00B3501D /* Models */,
				2F731BCA2C02978F00B3501D /* Views */,
			);
			path = AvailabilityList;
			sourceTree = "<group>";
		};
		2F731BCA2C02978F00B3501D /* Views */ = {
			isa = PBXGroup;
			children = (
				2F731BCC2C0297AB00B3501D /* AvailabilityListView.swift */,
				2F731BCE2C0297D300B3501D /* AvailabilityRowView.swift */,
				2F731B912BFEA47800B3501D /* AvailabilityChangeDetailsView.swift */,
			);
			path = Views;
			sourceTree = "<group>";
		};
		2F731BCB2C02979C00B3501D /* Models */ = {
			isa = PBXGroup;
			children = (
				2F731BD02C0297F100B3501D /* AvailabilityListModel.swift */,
			);
			path = Models;
			sourceTree = "<group>";
		};
		2F731BD42C02987600B3501D /* Shapes */ = {
			isa = PBXGroup;
			children = (
				2F731BD52C02988E00B3501D /* RoundedRhombus.swift */,
			);
			path = Shapes;
			sourceTree = "<group>";
		};
		2F7446D62C0859AE0059899C /* AddEmployee */ = {
			isa = PBXGroup;
			children = (
				2F7446DA2C0859F20059899C /* Models */,
				2F7446D92C0859E20059899C /* Views */,
			);
			path = AddEmployee;
			sourceTree = "<group>";
		};
		2F7446D92C0859E20059899C /* Views */ = {
			isa = PBXGroup;
			children = (
				2F7446DB2C085A040059899C /* AddEmployeeView.swift */,
			);
			path = Views;
			sourceTree = "<group>";
		};
		2F7446DA2C0859F20059899C /* Models */ = {
			isa = PBXGroup;
			children = (
				2F74470C2C0CABCE0059899C /* AddEmployeeModel.swift */,
			);
			path = Models;
			sourceTree = "<group>";
		};
		2F7446DF2C0B5E5B0059899C /* JobsList */ = {
			isa = PBXGroup;
			children = (
				2F7446E12C0B5E6A0059899C /* Models */,
				2F7446E02C0B5E650059899C /* Views */,
			);
			path = JobsList;
			sourceTree = "<group>";
		};
		2F7446E02C0B5E650059899C /* Views */ = {
			isa = PBXGroup;
			children = (
				2F7446E42C0B5E8A0059899C /* JobsListView.swift */,
				2F74471F2C14FEA40059899C /* JobCellView.swift */,
				2F7446F12C0B937B0059899C /* AddJobView.swift */,
			);
			path = Views;
			sourceTree = "<group>";
		};
		2F7446E12C0B5E6A0059899C /* Models */ = {
			isa = PBXGroup;
			children = (
				2F7446EF2C0B67BF0059899C /* JobsListModel.swift */,
			);
			path = Models;
			sourceTree = "<group>";
		};
		2F7446EA2C0B60DA0059899C /* Jobs */ = {
			isa = PBXGroup;
			children = (
				2F7446ED2C0B611E0059899C /* JobsResponse.swift */,
				2F7446F32C0B97E00059899C /* UpdateJobResponse.swift */,
			);
			path = Jobs;
			sourceTree = "<group>";
		};
		2F7446F82C0BDB0E0059899C /* EmployeeList */ = {
			isa = PBXGroup;
			children = (
				2F7446FA2C0BDB350059899C /* Models */,
				2F7446F92C0BDB270059899C /* Views */,
			);
			path = EmployeeList;
			sourceTree = "<group>";
		};
		2F7446F92C0BDB270059899C /* Views */ = {
			isa = PBXGroup;
			children = (
				2F7447062C0BE4780059899C /* EmployeeCellView.swift */,
				2F7446FB2C0BDB860059899C /* EmployeeListView.swift */,
				2F74470E2C0CE8BE0059899C /* EmployeeDetailsView.swift */,
			);
			path = Views;
			sourceTree = "<group>";
		};
		2F7446FA2C0BDB350059899C /* Models */ = {
			isa = PBXGroup;
			children = (
				2F7446FD2C0BDB970059899C /* EmployeeListModel.swift */,
			);
			path = Models;
			sourceTree = "<group>";
		};
		2F7447032C0BDCD80059899C /* Employees */ = {
			isa = PBXGroup;
			children = (
				2F7447042C0BDCEB0059899C /* EmployeesResponse.swift */,
				2F7447122C0FDFCF0059899C /* EmployeeDeletionResponse.swift */,
				2F7447142C11299B0059899C /* EmployeeJobsUpdateResponse.swift */,
			);
			path = Employees;
			sourceTree = "<group>";
		};
		2F7447092C0CA0A70059899C /* PasswordValidationManager */ = {
			isa = PBXGroup;
			children = (
				2F74470A2C0CA0DA0059899C /* PasswordValidationManager.swift */,
			);
			path = PasswordValidationManager;
			sourceTree = "<group>";
		};
		2F7447192C14A2170059899C /* Enumerations */ = {
			isa = PBXGroup;
			children = (
				2F7446F62C0B99560059899C /* ErrorDescription.swift */,
				2F74471A2C14A2370059899C /* ToastTypes.swift */,
			);
			path = Enumerations;
			sourceTree = "<group>";
		};
		2F7942D42BC050A500387D3E = {
			isa = PBXGroup;
			children = (
				2F7942DF2BC050A500387D3E /* Chronos */,
				2F7942DE2BC050A500387D3E /* Products */,
			);
			sourceTree = "<group>";
		};
		2F7942DE2BC050A500387D3E /* Products */ = {
			isa = PBXGroup;
			children = (
				2F7942DD2BC050A500387D3E /* Chronos.app */,
			);
			name = Products;
			sourceTree = "<group>";
		};
		2F7942DF2BC050A500387D3E /* Chronos */ = {
			isa = PBXGroup;
			children = (
				2F7942E02BC050A500387D3E /* ChronosApp.swift */,
				2F1C0E582BD9D04100960980 /* LaunchScreen.storyboard */,
				2F79432B2BC4209200387D3E /* ContentView.swift */,
				2F7447192C14A2170059899C /* Enumerations */,
				2F7447092C0CA0A70059899C /* PasswordValidationManager */,
				2F731BD42C02987600B3501D /* Shapes */,
				2F41CBCF2BE810D9000AC5B0 /* KeychainManager */,
				2F7942EE2BC050FD00387D3E /* Screens */,
				2F79432D2BC4337300387D3E /* Views */,
				2F928D4C2BD11839004AAED3 /* Modifiers */,
				2F79430E2BC31DC900387D3E /* Routers */,
				2F79433D2BC57F3C00387D3E /* Network */,
				2F7943302BC43A5100387D3E /* Resources */,
				2F7942E62BC050A800387D3E /* Preview Content */,
			);
			path = Chronos;
			sourceTree = "<group>";
		};
		2F7942E62BC050A800387D3E /* Preview Content */ = {
			isa = PBXGroup;
			children = (
				2F7942E72BC050A800387D3E /* Preview Assets.xcassets */,
			);
			path = "Preview Content";
			sourceTree = "<group>";
		};
		2F7942EE2BC050FD00387D3E /* Screens */ = {
			isa = PBXGroup;
			children = (
				8B2829E62C22E82600CE9220 /* Schedule */,
				2F7446F82C0BDB0E0059899C /* EmployeeList */,
				2F7446D62C0859AE0059899C /* AddEmployee */,
				2F7446DF2C0B5E5B0059899C /* JobsList */,
				2F731BC92C02975E00B3501D /* AvailabilityList */,
				2FF8ADD02BF4D0D200DB9C4E /* Availability */,
				2FDECA8C2BEBE19800B3129B /* Profile */,
				2F41CBBD2BE7E2E5000AC5B0 /* Onboarding */,
				2F7943322BC43BCF00387D3E /* Login */,
				2F7943442BC58A3700387D3E /* Registration */,
				2FF8ADC72BF3C06900DB9C4E /* DashboardTabView */,
				2F7943312BC43BC800387D3E /* Home */,
			);
			path = Screens;
			sourceTree = "<group>";
		};
		2F79430E2BC31DC900387D3E /* Routers */ = {
			isa = PBXGroup;
			children = (
				2F7943332BC464CB00387D3E /* NavigationRouter.swift */,
			);
			path = Routers;
			sourceTree = "<group>";
		};
		2F79432D2BC4337300387D3E /* Views */ = {
			isa = PBXGroup;
			children = (
				2FEFBB282C1FAA8C005E3FB4 /* ScrollableList */,
				2F7942F32BC0568500387D3E /* TextFieldView.swift */,
				2F41CBC82BE8060B000AC5B0 /* TextEditorView.swift */,
				2F7943042BC2DDB400387D3E /* MainButton.swift */,
				2F7943472BC5927900387D3E /* FooterButton.swift */,
				2F41CBC02BE7E659000AC5B0 /* RadioButtonView.swift */,
				2FDECA852BE974A600B3129B /* ToastView.swift */,
				2FF8ADE72BF8FA2800DB9C4E /* TrackableScrollView.swift */,
				2F731BD22C02985500B3501D /* CustomProgressView.swift */,
			);
			path = Views;
			sourceTree = "<group>";
		};
		2F7943302BC43A5100387D3E /* Resources */ = {
			isa = PBXGroup;
			children = (
				2F7943082BC2E5F600387D3E /* Localizable.xcstrings */,
				2F7942E42BC050A800387D3E /* Assets.xcassets */,
			);
			path = Resources;
			sourceTree = "<group>";
		};
		2F7943312BC43BC800387D3E /* Home */ = {
			isa = PBXGroup;
			children = (
				2FF8ADC92BF3DA8800DB9C4E /* Models */,
				2FF8ADC82BF3DA8200DB9C4E /* Views */,
			);
			path = Home;
			sourceTree = "<group>";
		};
		2F7943322BC43BCF00387D3E /* Login */ = {
			isa = PBXGroup;
			children = (
				2FF8ADE42BF607C800DB9C4E /* Models */,
				2FF8ADE32BF607C100DB9C4E /* Views */,
			);
			path = Login;
			sourceTree = "<group>";
		};
		2F7943382BC47EE700387D3E /* Models */ = {
			isa = PBXGroup;
			children = (
				8B586BB42C231EFB00F8DE98 /* Schedule */,
				2F7447032C0BDCD80059899C /* Employees */,
				2F7446EA2C0B60DA0059899C /* Jobs */,
				8B81C2AD2C0266DA000DA507 /* Availability */,
				2FDECA992BEFB29900B3129B /* DashboardModel */,
				2FDECA802BE9151A00B3129B /* OnboardingModel */,
				2FDECA7F2BE914F200B3129B /* LoginModel */,
			);
			path = Models;
			sourceTree = "<group>";
		};
		2F79433D2BC57F3C00387D3E /* Network */ = {
			isa = PBXGroup;
			children = (
				8B08104A2BCAB44300CB5930 /* NetworkConstants.swift */,
				2F7943382BC47EE700387D3E /* Models */,
				2F79433F2BC57F5400387D3E /* Clients */,
				2F79433E2BC57F4B00387D3E /* Routers */,
			);
			path = Network;
			sourceTree = "<group>";
		};
		2F79433E2BC57F4B00387D3E /* Routers */ = {
			isa = PBXGroup;
			children = (
				2F7943422BC5824400387D3E /* BaseRouter.swift */,
				2F41CBDB2BE81C9A000AC5B0 /* AuthenticationRouter.swift */,
				8B81C2A92C0265CC000DA507 /* AvailabilityRouter.swift */,
				2F731BD72C0299C300B3501D /* DashboardRouter.swift */,
				2F7446E62C0B5FA60059899C /* JobsRouter.swift */,
				2F7446FF2C0BDC400059899C /* EmployeesRouter.swift */,
				8B586BB02C231C4900F8DE98 /* ScheduleRouter.swift */,
			);
			path = Routers;
			sourceTree = "<group>";
		};
		2F79433F2BC57F5400387D3E /* Clients */ = {
			isa = PBXGroup;
			children = (
				8B0810482BC9AA7300CB5930 /* BaseClient.swift */,
				2F7943402BC5816800387D3E /* AuthenticationClient.swift */,
				8B81C2AB2C026663000DA507 /* AvailabilityClient.swift */,
				2F731BD92C029AA100B3501D /* DashboardClient.swift */,
				2F7446E82C0B60920059899C /* JobsClient.swift */,
				2F7447012C0BDCC20059899C /* EmployeesClient.swift */,
				8B586BB22C231D1500F8DE98 /* ScheduleClient.swift */,
			);
			path = Clients;
			sourceTree = "<group>";
		};
		2F7943442BC58A3700387D3E /* Registration */ = {
			isa = PBXGroup;
			children = (
				2FF8ADE22BF6072800DB9C4E /* Models */,
				2FF8ADE12BF6072000DB9C4E /* Views */,
			);
			path = Registration;
			sourceTree = "<group>";
		};
		2F928D4C2BD11839004AAED3 /* Modifiers */ = {
			isa = PBXGroup;
			children = (
				2F928D4D2BD1189D004AAED3 /* ProgressLoader.swift */,
			);
			path = Modifiers;
			sourceTree = "<group>";
		};
		2FDECA7F2BE914F200B3129B /* LoginModel */ = {
			isa = PBXGroup;
			children = (
				2F1C0E782BDF0DF400960980 /* LoginResponse.swift */,
				2FDECAA42BF014B700B3129B /* LoginRequest.swift */,
			);
			path = LoginModel;
			sourceTree = "<group>";
		};
		2FDECA802BE9151A00B3129B /* OnboardingModel */ = {
			isa = PBXGroup;
			children = (
				2FDECA7D2BE9132B00B3129B /* OnboardingEmployeeRequest.swift */,
				2FDECAA22BEFBD0800B3129B /* OnboardingEmployeeRespone.swift */,
				2FDECA7B2BE90FE400B3129B /* OnboardingManagerRequest.swift */,
				2FDECA812BE9153C00B3129B /* ManagerOnboardingResponse.swift */,
			);
			path = OnboardingModel;
			sourceTree = "<group>";
		};
		2FDECA8C2BEBE19800B3129B /* Profile */ = {
			isa = PBXGroup;
			children = (
				2FF8ADC22BF395E800DB9C4E /* Models */,
				2FF8ADC12BF395E000DB9C4E /* Views */,
			);
			path = Profile;
			sourceTree = "<group>";
		};
		2FDECA992BEFB29900B3129B /* DashboardModel */ = {
			isa = PBXGroup;
			children = (
				2FDECA9C2BEFB2CD00B3129B /* CheckInOutResponse.swift */,
				2FDECA9E2BEFB3A400B3129B /* DashboardRequest.swift */,
				2FDECAA02BEFB40A00B3129B /* DashboardResponse.swift */,
			);
			path = DashboardModel;
			sourceTree = "<group>";
		};
		2FEFBB282C1FAA8C005E3FB4 /* ScrollableList */ = {
			isa = PBXGroup;
			children = (
				2FEFBB242C1F8F2D005E3FB4 /* ScrollableListView.swift */,
				2FEFBB292C1FAC1B005E3FB4 /* ListCellView.swift */,
				2FEFBB2B2C20D1BF005E3FB4 /* ItemsListView.swift */,
			);
			path = ScrollableList;
			sourceTree = "<group>";
		};
		2FF8ADC12BF395E000DB9C4E /* Views */ = {
			isa = PBXGroup;
			children = (
				2FDECA8D2BEBE1C300B3129B /* ProfileView.swift */,
				2FDECA932BECD61900B3129B /* EditProfileView.swift */,
			);
			path = Views;
			sourceTree = "<group>";
		};
		2FF8ADC22BF395E800DB9C4E /* Models */ = {
			isa = PBXGroup;
			children = (
				2FF8ADC32BF3965800DB9C4E /* ProfileRowModel.swift */,
			);
			path = Models;
			sourceTree = "<group>";
		};
		2FF8ADC52BF3A23A00DB9C4E /* Views */ = {
			isa = PBXGroup;
			children = (
				2F41CBBE2BE7E30F000AC5B0 /* OnboardingView.swift */,
				2F41CBC42BE7F94A000AC5B0 /* ManagerView.swift */,
				2F41CBC62BE7F956000AC5B0 /* EmployeeView.swift */,
			);
			path = Views;
			sourceTree = "<group>";
		};
		2FF8ADC62BF3A24100DB9C4E /* Models */ = {
			isa = PBXGroup;
			children = (
				2F41CBE32BE83381000AC5B0 /* RadioButtonModel.swift */,
				2FF8ADEB2BF924B900DB9C4E /* ManagerModel.swift */,
				2FF8ADED2BF9258700DB9C4E /* EmployeeModel.swift */,
			);
			path = Models;
			sourceTree = "<group>";
		};
		2FF8ADC72BF3C06900DB9C4E /* DashboardTabView */ = {
			isa = PBXGroup;
			children = (
				2F41CBD72BE81BEA000AC5B0 /* DashboardTabView.swift */,
			);
			path = DashboardTabView;
			sourceTree = "<group>";
		};
		2FF8ADC82BF3DA8200DB9C4E /* Views */ = {
			isa = PBXGroup;
			children = (
				2F7943112BC3284900387D3E /* HomeView.swift */,
				2F928D532BD32DB7004AAED3 /* ProfileHeaderView.swift */,
				2FDECAA62BF0D0C500B3129B /* ShiftView.swift */,
				2F7943632BCAE6E900387D3E /* AttendanceCardView.swift */,
				2F7943652BCAFCC700387D3E /* ActivityCardView.swift */,
				2F7943592BC6CFF900387D3E /* SwipeToUnlockView.swift */,
				2F41CBD22BE81407000AC5B0 /* Calendar */,
			);
			path = Views;
			sourceTree = "<group>";
		};
		2FF8ADC92BF3DA8800DB9C4E /* Models */ = {
			isa = PBXGroup;
			children = (
				2F41CBE12BE832E3000AC5B0 /* AttendanceCardModel.swift */,
				2FF8ADCA2BF41B9600DB9C4E /* HomeModel.swift */,
			);
			path = Models;
			sourceTree = "<group>";
		};
		2FF8ADD02BF4D0D200DB9C4E /* Availability */ = {
			isa = PBXGroup;
			children = (
				2FF8ADDC2BF51F5E00DB9C4E /* Models */,
				2FF8ADDB2BF51F5600DB9C4E /* Views */,
			);
			path = Availability;
			sourceTree = "<group>";
		};
		2FF8ADDB2BF51F5600DB9C4E /* Views */ = {
			isa = PBXGroup;
			children = (
				2FF8ADD12BF4D12800DB9C4E /* AvailabilityView.swift */,
				2FF8ADD72BF51DF300DB9C4E /* WeekdaysView.swift */,
			);
			path = Views;
			sourceTree = "<group>";
		};
		2FF8ADDC2BF51F5E00DB9C4E /* Models */ = {
			isa = PBXGroup;
			children = (
				2FF8ADDD2BF51F7D00DB9C4E /* Weekday.swift */,
				8BDAD7072BFA852C00893D5F /* WeekdayModel.swift */,
				2F731B932BFEA4E100B3501D /* AvailabilityButtonModel.swift */,
			);
			path = Models;
			sourceTree = "<group>";
		};
		2FF8ADE12BF6072000DB9C4E /* Views */ = {
			isa = PBXGroup;
			children = (
				2F7943452BC58A5A00387D3E /* RegistrationView.swift */,
			);
			path = Views;
			sourceTree = "<group>";
		};
		2FF8ADE22BF6072800DB9C4E /* Models */ = {
			isa = PBXGroup;
			children = (
				2FF8ADDF2BF6046900DB9C4E /* RegistrationModel.swift */,
				2F731B952C00088A00B3501D /* PasswordConstraintsModel.swift */,
				2F731B972C00C0A300B3501D /* ConstraintTextModel.swift */,
				2F41CBDF2BE832B7000AC5B0 /* TextFieldModel.swift */,
			);
			path = Models;
			sourceTree = "<group>";
		};
		2FF8ADE32BF607C100DB9C4E /* Views */ = {
			isa = PBXGroup;
			children = (
				2F7942F92BC0804400387D3E /* LoginView.swift */,
			);
			path = Views;
			sourceTree = "<group>";
		};
		2FF8ADE42BF607C800DB9C4E /* Models */ = {
			isa = PBXGroup;
			children = (
				2FF8ADE52BF607D600DB9C4E /* LoginModel.swift */,
			);
			path = Models;
			sourceTree = "<group>";
		};
		8B2829E62C22E82600CE9220 /* Schedule */ = {
			isa = PBXGroup;
			children = (
				8B586BB92C23432A00F8DE98 /* Models */,
				8B586BB72C23215D00F8DE98 /* Views */,
			);
			path = Schedule;
			sourceTree = "<group>";
		};
		8B586BB42C231EFB00F8DE98 /* Schedule */ = {
			isa = PBXGroup;
			children = (
				8B586BB52C231F4E00F8DE98 /* Shifts.swift */,
			);
			path = Schedule;
			sourceTree = "<group>";
		};
		8B586BB72C23215D00F8DE98 /* Views */ = {
			isa = PBXGroup;
			children = (
				8B2829E92C22E84900CE9220 /* ScheduleView.swift */,
				8B586BAE2C2309E700F8DE98 /* CreateShiftView.swift */,
			);
			path = Views;
			sourceTree = "<group>";
		};
		8B586BB92C23432A00F8DE98 /* Models */ = {
			isa = PBXGroup;
			children = (
				8B37D1052C26DAAF001D4739 /* ScheduleViewModel.swift */,
				8B586BBA2C23433900F8DE98 /* CreateShiftViewModel.swift */,
			);
			path = Models;
			sourceTree = "<group>";
		};
		8B81C2AD2C0266DA000DA507 /* Availability */ = {
			isa = PBXGroup;
			children = (
				8B81C2AE2C0266E8000DA507 /* Availability.swift */,
				2F731BC72C02943700B3501D /* AvailabilityRequestsListResponse.swift */,
				2F731BDB2C02A60100B3501D /* AvailabilityApprovalRequest.swift */,
				2F731BDD2C02A65200B3501D /* AvailabilityApprovalResponse.swift */,
				2F731BE12C03DEAC00B3501D /* AvailabilityUpdateRequestResponse.swift */,
			);
			path = Availability;
			sourceTree = "<group>";
		};
/* End PBXGroup section */

/* Begin PBXNativeTarget section */
		2F7942DC2BC050A500387D3E /* Chronos */ = {
			isa = PBXNativeTarget;
			buildConfigurationList = 2F7942EB2BC050A800387D3E /* Build configuration list for PBXNativeTarget "Chronos" */;
			buildPhases = (
				2F7942D92BC050A500387D3E /* Sources */,
				2F7942DA2BC050A500387D3E /* Frameworks */,
				2F7942DB2BC050A500387D3E /* Resources */,
			);
			buildRules = (
			);
			dependencies = (
			);
			name = Chronos;
			packageProductDependencies = (
				2F731BBD2C02880F00B3501D /* Alamofire */,
				2F731BC22C02881E00B3501D /* KeychainSwift */,
				2F731BC52C02882800B3501D /* SimpleToast */,
			);
			productName = Chronos;
			productReference = 2F7942DD2BC050A500387D3E /* Chronos.app */;
			productType = "com.apple.product-type.application";
		};
/* End PBXNativeTarget section */

/* Begin PBXProject section */
		2F7942D52BC050A500387D3E /* Project object */ = {
			isa = PBXProject;
			attributes = {
				BuildIndependentTargetsInParallel = 1;
				LastSwiftUpdateCheck = 1520;
				LastUpgradeCheck = 1520;
				TargetAttributes = {
					2F7942DC2BC050A500387D3E = {
						CreatedOnToolsVersion = 15.2;
					};
				};
			};
			buildConfigurationList = 2F7942D82BC050A500387D3E /* Build configuration list for PBXProject "Chronos" */;
			compatibilityVersion = "Xcode 14.0";
			developmentRegion = en;
			hasScannedForEncodings = 0;
			knownRegions = (
				en,
				Base,
			);
			mainGroup = 2F7942D42BC050A500387D3E;
			packageReferences = (
				2F731BBC2C02880F00B3501D /* XCRemoteSwiftPackageReference "Alamofire" */,
				2F731BC12C02881E00B3501D /* XCRemoteSwiftPackageReference "keychain-swift" */,
				2F731BC42C02882800B3501D /* XCRemoteSwiftPackageReference "SimpleToast" */,
			);
			productRefGroup = 2F7942DE2BC050A500387D3E /* Products */;
			projectDirPath = "";
			projectRoot = "";
			targets = (
				2F7942DC2BC050A500387D3E /* Chronos */,
			);
		};
/* End PBXProject section */

/* Begin PBXResourcesBuildPhase section */
		2F7942DB2BC050A500387D3E /* Resources */ = {
			isa = PBXResourcesBuildPhase;
			buildActionMask = 2147483647;
			files = (
				2F7942E82BC050A800387D3E /* Preview Assets.xcassets in Resources */,
				2F1C0E592BD9D04100960980 /* LaunchScreen.storyboard in Resources */,
				2F7942E52BC050A800387D3E /* Assets.xcassets in Resources */,
				2F7943092BC2E5F600387D3E /* Localizable.xcstrings in Resources */,
			);
			runOnlyForDeploymentPostprocessing = 0;
		};
/* End PBXResourcesBuildPhase section */

/* Begin PBXSourcesBuildPhase section */
		2F7942D92BC050A500387D3E /* Sources */ = {
			isa = PBXSourcesBuildPhase;
			buildActionMask = 2147483647;
			files = (
				2F731BDE2C02A65200B3501D /* AvailabilityApprovalResponse.swift in Sources */,
				2FDECA9D2BEFB2CD00B3129B /* CheckInOutResponse.swift in Sources */,
				2FF8ADE62BF607D600DB9C4E /* LoginModel.swift in Sources */,
				8B586BB12C231C4900F8DE98 /* ScheduleRouter.swift in Sources */,
				2FEFBB252C1F8F2D005E3FB4 /* ScrollableListView.swift in Sources */,
				2F41CBDE2BE82C51000AC5B0 /* ExtensionForDate.swift in Sources */,
				2F41CBC52BE7F94A000AC5B0 /* ManagerView.swift in Sources */,
				2F731BD62C02988E00B3501D /* RoundedRhombus.swift in Sources */,
				2F41CBC92BE8060B000AC5B0 /* TextEditorView.swift in Sources */,
				2F7943642BCAE6E900387D3E /* AttendanceCardView.swift in Sources */,
				2F928D4E2BD1189D004AAED3 /* ProgressLoader.swift in Sources */,
				2F7446FE2C0BDB970059899C /* EmployeeListModel.swift in Sources */,
				2FF8ADEE2BF9258700DB9C4E /* EmployeeModel.swift in Sources */,
				2F7447022C0BDCC20059899C /* EmployeesClient.swift in Sources */,
				8B81C2AF2C0266E8000DA507 /* Availability.swift in Sources */,
				2F731B982C00C0A400B3501D /* ConstraintTextModel.swift in Sources */,
				2FDECAA12BEFB40A00B3129B /* DashboardResponse.swift in Sources */,
				2F731B962C00088A00B3501D /* PasswordConstraintsModel.swift in Sources */,
				2FDECA822BE9153C00B3129B /* ManagerOnboardingResponse.swift in Sources */,
				8B586BB32C231D1500F8DE98 /* ScheduleClient.swift in Sources */,
				2F7942FA2BC0804400387D3E /* LoginView.swift in Sources */,
				2F74471B2C14A2370059899C /* ToastTypes.swift in Sources */,
				2F731BDA2C029AA100B3501D /* DashboardClient.swift in Sources */,
				2F7446F02C0B67BF0059899C /* JobsListModel.swift in Sources */,
				2F7447052C0BDCEB0059899C /* EmployeesResponse.swift in Sources */,
				2F7943122BC3284900387D3E /* HomeView.swift in Sources */,
				2FEFBB2A2C1FAC1B005E3FB4 /* ListCellView.swift in Sources */,
				2F7447152C11299B0059899C /* EmployeeJobsUpdateResponse.swift in Sources */,
				2F7446F42C0B97E00059899C /* UpdateJobResponse.swift in Sources */,
				2F7943462BC58A5A00387D3E /* RegistrationView.swift in Sources */,
				2F7943052BC2DDB400387D3E /* MainButton.swift in Sources */,
				8B586BBB2C23433900F8DE98 /* CreateShiftViewModel.swift in Sources */,
				2F7446F22C0B937B0059899C /* AddJobView.swift in Sources */,
				2F74470F2C0CE8BE0059899C /* EmployeeDetailsView.swift in Sources */,
				2F731BCD2C0297AB00B3501D /* AvailabilityListView.swift in Sources */,
				2F7943662BCAFCC700387D3E /* ActivityCardView.swift in Sources */,
				2FF8ADD82BF51DF300DB9C4E /* WeekdaysView.swift in Sources */,
				8B81C2AC2C026663000DA507 /* AvailabilityClient.swift in Sources */,
				2FDECA8E2BEBE1C300B3129B /* ProfileView.swift in Sources */,
				2F7943412BC5816800387D3E /* AuthenticationClient.swift in Sources */,
				2F7446FC2C0BDB860059899C /* EmployeeListView.swift in Sources */,
				2F731B942BFEA4E100B3501D /* AvailabilityButtonModel.swift in Sources */,
				2F1C0E792BDF0DF400960980 /* LoginResponse.swift in Sources */,
				2F928D542BD32DB7004AAED3 /* ProfileHeaderView.swift in Sources */,
				2F731BD12C0297F100B3501D /* AvailabilityListModel.swift in Sources */,
				2FDECA9F2BEFB3A400B3129B /* DashboardRequest.swift in Sources */,
				2F41CBD62BE814CA000AC5B0 /* FilteredCalendarCollectionView.swift in Sources */,
				2FDECA942BECD61900B3129B /* EditProfileView.swift in Sources */,
				2FDECA7C2BE90FE400B3129B /* OnboardingManagerRequest.swift in Sources */,
				2F7446F72C0B99560059899C /* ErrorDescription.swift in Sources */,
				2F731B922BFEA47800B3501D /* AvailabilityChangeDetailsView.swift in Sources */,
				2F7447132C0FDFCF0059899C /* EmployeeDeletionResponse.swift in Sources */,
				2F7942E12BC050A500387D3E /* ChronosApp.swift in Sources */,
				2FDECAA32BEFBD0800B3129B /* OnboardingEmployeeRespone.swift in Sources */,
				8B2829EA2C22E84900CE9220 /* ScheduleView.swift in Sources */,
				2FEFBB2C2C20D1BF005E3FB4 /* ItemsListView.swift in Sources */,
				2FDECA8B2BEBC55B00B3129B /* KeychainKeys.swift in Sources */,
				8B81C2AA2C0265CC000DA507 /* AvailabilityRouter.swift in Sources */,
				2F7943482BC5927900387D3E /* FooterButton.swift in Sources */,
				8B586BB62C231F4E00F8DE98 /* Shifts.swift in Sources */,
				2FF8ADE82BF8FA2800DB9C4E /* TrackableScrollView.swift in Sources */,
				2F731BD32C02985500B3501D /* CustomProgressView.swift in Sources */,
				2F7447072C0BE4780059899C /* EmployeeCellView.swift in Sources */,
				2F41CBD12BE810FC000AC5B0 /* KeychainManager.swift in Sources */,
				2F74470D2C0CABCE0059899C /* AddEmployeeModel.swift in Sources */,
				8B586BAF2C2309E700F8DE98 /* CreateShiftView.swift in Sources */,
				8BDAD7082BFA852C00893D5F /* WeekdayModel.swift in Sources */,
				2FDECA862BE974A600B3129B /* ToastView.swift in Sources */,
				2F7447002C0BDC400059899C /* EmployeesRouter.swift in Sources */,
				2F731BCF2C0297D300B3501D /* AvailabilityRowView.swift in Sources */,
				2FF8ADDE2BF51F7D00DB9C4E /* Weekday.swift in Sources */,
				2F7942F42BC0568500387D3E /* TextFieldView.swift in Sources */,
				2FDECA7E2BE9132B00B3129B /* OnboardingEmployeeRequest.swift in Sources */,
				2FF8ADEC2BF924B900DB9C4E /* ManagerModel.swift in Sources */,
				2F41CBE02BE832B7000AC5B0 /* TextFieldModel.swift in Sources */,
				2F41CBD82BE81BEA000AC5B0 /* DashboardTabView.swift in Sources */,
				2F7447202C14FEA40059899C /* JobCellView.swift in Sources */,
				2F7446E72C0B5FA60059899C /* JobsRouter.swift in Sources */,
				2F41CBE42BE83381000AC5B0 /* RadioButtonModel.swift in Sources */,
				2F7446E52C0B5E8A0059899C /* JobsListView.swift in Sources */,
				2F41CBBF2BE7E30F000AC5B0 /* OnboardingView.swift in Sources */,
				2F41CBD42BE81448000AC5B0 /* CalendarItemView.swift in Sources */,
				8B08104B2BCAB44300CB5930 /* NetworkConstants.swift in Sources */,
				2F731BC82C02943700B3501D /* AvailabilityRequestsListResponse.swift in Sources */,
				2F41CBC12BE7E659000AC5B0 /* RadioButtonView.swift in Sources */,
				2F74470B2C0CA0DA0059899C /* PasswordValidationManager.swift in Sources */,
				2F79435A2BC6CFF900387D3E /* SwipeToUnlockView.swift in Sources */,
				2FF8ADCB2BF41B9600DB9C4E /* HomeModel.swift in Sources */,
				2F7446DC2C085A040059899C /* AddEmployeeView.swift in Sources */,
				2FDECAA72BF0D0C500B3129B /* ShiftView.swift in Sources */,
				2FF8ADC42BF3965800DB9C4E /* ProfileRowModel.swift in Sources */,
				2FF8ADE02BF6046900DB9C4E /* RegistrationModel.swift in Sources */,
				2F7943432BC5824400387D3E /* BaseRouter.swift in Sources */,
				8B0810492BC9AA7300CB5930 /* BaseClient.swift in Sources */,
				2FDECAA52BF014B700B3129B /* LoginRequest.swift in Sources */,
				2F79432C2BC4209200387D3E /* ContentView.swift in Sources */,
				2F41CBC72BE7F956000AC5B0 /* EmployeeView.swift in Sources */,
				2F7446E92C0B60920059899C /* JobsClient.swift in Sources */,
				2F731BDC2C02A60100B3501D /* AvailabilityApprovalRequest.swift in Sources */,
				2FF8ADD22BF4D12800DB9C4E /* AvailabilityView.swift in Sources */,
				2F731BE22C03DEAC00B3501D /* AvailabilityUpdateRequestResponse.swift in Sources */,
				2F7943342BC464CB00387D3E /* NavigationRouter.swift in Sources */,
				2F41CBDC2BE81C9A000AC5B0 /* AuthenticationRouter.swift in Sources */,
				2F731BD82C0299C300B3501D /* DashboardRouter.swift in Sources */,
				8B37D1062C26DAAF001D4739 /* ScheduleViewModel.swift in Sources */,
				2F7446EE2C0B611E0059899C /* JobsResponse.swift in Sources */,
				2F41CBE22BE832E3000AC5B0 /* AttendanceCardModel.swift in Sources */,
			);
			runOnlyForDeploymentPostprocessing = 0;
		};
/* End PBXSourcesBuildPhase section */

/* Begin XCBuildConfiguration section */
		2F7942E92BC050A800387D3E /* Debug */ = {
			isa = XCBuildConfiguration;
			buildSettings = {
				ALWAYS_SEARCH_USER_PATHS = NO;
				ASSETCATALOG_COMPILER_GENERATE_SWIFT_ASSET_SYMBOL_EXTENSIONS = YES;
				CLANG_ANALYZER_NONNULL = YES;
				CLANG_ANALYZER_NUMBER_OBJECT_CONVERSION = YES_AGGRESSIVE;
				CLANG_CXX_LANGUAGE_STANDARD = "gnu++20";
				CLANG_ENABLE_MODULES = YES;
				CLANG_ENABLE_OBJC_ARC = YES;
				CLANG_ENABLE_OBJC_WEAK = YES;
				CLANG_WARN_BLOCK_CAPTURE_AUTORELEASING = YES;
				CLANG_WARN_BOOL_CONVERSION = YES;
				CLANG_WARN_COMMA = YES;
				CLANG_WARN_CONSTANT_CONVERSION = YES;
				CLANG_WARN_DEPRECATED_OBJC_IMPLEMENTATIONS = YES;
				CLANG_WARN_DIRECT_OBJC_ISA_USAGE = YES_ERROR;
				CLANG_WARN_DOCUMENTATION_COMMENTS = YES;
				CLANG_WARN_EMPTY_BODY = YES;
				CLANG_WARN_ENUM_CONVERSION = YES;
				CLANG_WARN_INFINITE_RECURSION = YES;
				CLANG_WARN_INT_CONVERSION = YES;
				CLANG_WARN_NON_LITERAL_NULL_CONVERSION = YES;
				CLANG_WARN_OBJC_IMPLICIT_RETAIN_SELF = YES;
				CLANG_WARN_OBJC_LITERAL_CONVERSION = YES;
				CLANG_WARN_OBJC_ROOT_CLASS = YES_ERROR;
				CLANG_WARN_QUOTED_INCLUDE_IN_FRAMEWORK_HEADER = YES;
				CLANG_WARN_RANGE_LOOP_ANALYSIS = YES;
				CLANG_WARN_STRICT_PROTOTYPES = YES;
				CLANG_WARN_SUSPICIOUS_MOVE = YES;
				CLANG_WARN_UNGUARDED_AVAILABILITY = YES_AGGRESSIVE;
				CLANG_WARN_UNREACHABLE_CODE = YES;
				CLANG_WARN__DUPLICATE_METHOD_MATCH = YES;
				COPY_PHASE_STRIP = NO;
				DEBUG_INFORMATION_FORMAT = dwarf;
				ENABLE_STRICT_OBJC_MSGSEND = YES;
				ENABLE_TESTABILITY = YES;
				ENABLE_USER_SCRIPT_SANDBOXING = NO;
				GCC_C_LANGUAGE_STANDARD = gnu17;
				GCC_DYNAMIC_NO_PIC = NO;
				GCC_NO_COMMON_BLOCKS = YES;
				GCC_OPTIMIZATION_LEVEL = 0;
				GCC_PREPROCESSOR_DEFINITIONS = (
					"DEBUG=1",
					"$(inherited)",
				);
				GCC_WARN_64_TO_32_BIT_CONVERSION = YES;
				GCC_WARN_ABOUT_RETURN_TYPE = YES_ERROR;
				GCC_WARN_UNDECLARED_SELECTOR = YES;
				GCC_WARN_UNINITIALIZED_AUTOS = YES_AGGRESSIVE;
				GCC_WARN_UNUSED_FUNCTION = YES;
				GCC_WARN_UNUSED_VARIABLE = YES;
				INFOPLIST_KEY_UISupportedInterfaceOrientations_iPhone = "";
				IPHONEOS_DEPLOYMENT_TARGET = 17.0;
				LOCALIZATION_PREFERS_STRING_CATALOGS = YES;
				MTL_ENABLE_DEBUG_INFO = INCLUDE_SOURCE;
				MTL_FAST_MATH = YES;
				ONLY_ACTIVE_ARCH = YES;
				SDKROOT = iphoneos;
				SWIFT_ACTIVE_COMPILATION_CONDITIONS = "DEBUG $(inherited)";
				SWIFT_OPTIMIZATION_LEVEL = "-Onone";
			};
			name = Debug;
		};
		2F7942EA2BC050A800387D3E /* Release */ = {
			isa = XCBuildConfiguration;
			buildSettings = {
				ALWAYS_SEARCH_USER_PATHS = NO;
				ASSETCATALOG_COMPILER_GENERATE_SWIFT_ASSET_SYMBOL_EXTENSIONS = YES;
				CLANG_ANALYZER_NONNULL = YES;
				CLANG_ANALYZER_NUMBER_OBJECT_CONVERSION = YES_AGGRESSIVE;
				CLANG_CXX_LANGUAGE_STANDARD = "gnu++20";
				CLANG_ENABLE_MODULES = YES;
				CLANG_ENABLE_OBJC_ARC = YES;
				CLANG_ENABLE_OBJC_WEAK = YES;
				CLANG_WARN_BLOCK_CAPTURE_AUTORELEASING = YES;
				CLANG_WARN_BOOL_CONVERSION = YES;
				CLANG_WARN_COMMA = YES;
				CLANG_WARN_CONSTANT_CONVERSION = YES;
				CLANG_WARN_DEPRECATED_OBJC_IMPLEMENTATIONS = YES;
				CLANG_WARN_DIRECT_OBJC_ISA_USAGE = YES_ERROR;
				CLANG_WARN_DOCUMENTATION_COMMENTS = YES;
				CLANG_WARN_EMPTY_BODY = YES;
				CLANG_WARN_ENUM_CONVERSION = YES;
				CLANG_WARN_INFINITE_RECURSION = YES;
				CLANG_WARN_INT_CONVERSION = YES;
				CLANG_WARN_NON_LITERAL_NULL_CONVERSION = YES;
				CLANG_WARN_OBJC_IMPLICIT_RETAIN_SELF = YES;
				CLANG_WARN_OBJC_LITERAL_CONVERSION = YES;
				CLANG_WARN_OBJC_ROOT_CLASS = YES_ERROR;
				CLANG_WARN_QUOTED_INCLUDE_IN_FRAMEWORK_HEADER = YES;
				CLANG_WARN_RANGE_LOOP_ANALYSIS = YES;
				CLANG_WARN_STRICT_PROTOTYPES = YES;
				CLANG_WARN_SUSPICIOUS_MOVE = YES;
				CLANG_WARN_UNGUARDED_AVAILABILITY = YES_AGGRESSIVE;
				CLANG_WARN_UNREACHABLE_CODE = YES;
				CLANG_WARN__DUPLICATE_METHOD_MATCH = YES;
				COPY_PHASE_STRIP = NO;
				DEBUG_INFORMATION_FORMAT = "dwarf-with-dsym";
				ENABLE_NS_ASSERTIONS = NO;
				ENABLE_STRICT_OBJC_MSGSEND = YES;
				ENABLE_USER_SCRIPT_SANDBOXING = NO;
				GCC_C_LANGUAGE_STANDARD = gnu17;
				GCC_NO_COMMON_BLOCKS = YES;
				GCC_WARN_64_TO_32_BIT_CONVERSION = YES;
				GCC_WARN_ABOUT_RETURN_TYPE = YES_ERROR;
				GCC_WARN_UNDECLARED_SELECTOR = YES;
				GCC_WARN_UNINITIALIZED_AUTOS = YES_AGGRESSIVE;
				GCC_WARN_UNUSED_FUNCTION = YES;
				GCC_WARN_UNUSED_VARIABLE = YES;
				INFOPLIST_KEY_UISupportedInterfaceOrientations_iPhone = "";
				IPHONEOS_DEPLOYMENT_TARGET = 17.0;
				LOCALIZATION_PREFERS_STRING_CATALOGS = YES;
				MTL_ENABLE_DEBUG_INFO = NO;
				MTL_FAST_MATH = YES;
				SDKROOT = iphoneos;
				SWIFT_COMPILATION_MODE = wholemodule;
				VALIDATE_PRODUCT = YES;
			};
			name = Release;
		};
		2F7942EC2BC050A800387D3E /* Debug */ = {
			isa = XCBuildConfiguration;
			buildSettings = {
				ASSETCATALOG_COMPILER_APPICON_NAME = AppIcon;
				ASSETCATALOG_COMPILER_GLOBAL_ACCENT_COLOR_NAME = AccentColor;
				CODE_SIGN_STYLE = Automatic;
				CURRENT_PROJECT_VERSION = 1;
				DEVELOPMENT_ASSET_PATHS = "\"Chronos/Preview Content\"";
				ENABLE_PREVIEWS = YES;
				GENERATE_INFOPLIST_FILE = YES;
				INFOPLIST_KEY_UIApplicationSceneManifest_Generation = YES;
				INFOPLIST_KEY_UIApplicationSupportsIndirectInputEvents = YES;
				INFOPLIST_KEY_UILaunchScreen_Generation = YES;
				INFOPLIST_KEY_UILaunchStoryboardName = LaunchScreen.storyboard;
				INFOPLIST_KEY_UISupportedInterfaceOrientations_iPad = "UIInterfaceOrientationPortrait UIInterfaceOrientationPortraitUpsideDown UIInterfaceOrientationLandscapeLeft UIInterfaceOrientationLandscapeRight";
				INFOPLIST_KEY_UISupportedInterfaceOrientations_iPhone = UIInterfaceOrientationPortrait;
				LD_RUNPATH_SEARCH_PATHS = (
					"$(inherited)",
					"@executable_path/Frameworks",
				);
				MARKETING_VERSION = 1.0;
				PRODUCT_BUNDLE_IDENTIFIER = com.myorganization.Chronos;
				PRODUCT_NAME = "$(TARGET_NAME)";
				SWIFT_EMIT_LOC_STRINGS = YES;
				SWIFT_VERSION = 5.0;
				TARGETED_DEVICE_FAMILY = "1,2";
			};
			name = Debug;
		};
		2F7942ED2BC050A800387D3E /* Release */ = {
			isa = XCBuildConfiguration;
			buildSettings = {
				ASSETCATALOG_COMPILER_APPICON_NAME = AppIcon;
				ASSETCATALOG_COMPILER_GLOBAL_ACCENT_COLOR_NAME = AccentColor;
				CODE_SIGN_STYLE = Automatic;
				CURRENT_PROJECT_VERSION = 1;
				DEVELOPMENT_ASSET_PATHS = "\"Chronos/Preview Content\"";
				ENABLE_PREVIEWS = YES;
				GENERATE_INFOPLIST_FILE = YES;
				INFOPLIST_KEY_UIApplicationSceneManifest_Generation = YES;
				INFOPLIST_KEY_UIApplicationSupportsIndirectInputEvents = YES;
				INFOPLIST_KEY_UILaunchScreen_Generation = YES;
				INFOPLIST_KEY_UILaunchStoryboardName = LaunchScreen.storyboard;
				INFOPLIST_KEY_UISupportedInterfaceOrientations_iPad = "UIInterfaceOrientationPortrait UIInterfaceOrientationPortraitUpsideDown UIInterfaceOrientationLandscapeLeft UIInterfaceOrientationLandscapeRight";
				INFOPLIST_KEY_UISupportedInterfaceOrientations_iPhone = UIInterfaceOrientationPortrait;
				LD_RUNPATH_SEARCH_PATHS = (
					"$(inherited)",
					"@executable_path/Frameworks",
				);
				MARKETING_VERSION = 1.0;
				PRODUCT_BUNDLE_IDENTIFIER = com.myorganization.Chronos;
				PRODUCT_NAME = "$(TARGET_NAME)";
				SWIFT_EMIT_LOC_STRINGS = YES;
				SWIFT_VERSION = 5.0;
				TARGETED_DEVICE_FAMILY = "1,2";
			};
			name = Release;
		};
/* End XCBuildConfiguration section */

/* Begin XCConfigurationList section */
		2F7942D82BC050A500387D3E /* Build configuration list for PBXProject "Chronos" */ = {
			isa = XCConfigurationList;
			buildConfigurations = (
				2F7942E92BC050A800387D3E /* Debug */,
				2F7942EA2BC050A800387D3E /* Release */,
			);
			defaultConfigurationIsVisible = 0;
			defaultConfigurationName = Release;
		};
		2F7942EB2BC050A800387D3E /* Build configuration list for PBXNativeTarget "Chronos" */ = {
			isa = XCConfigurationList;
			buildConfigurations = (
				2F7942EC2BC050A800387D3E /* Debug */,
				2F7942ED2BC050A800387D3E /* Release */,
			);
			defaultConfigurationIsVisible = 0;
			defaultConfigurationName = Release;
		};
/* End XCConfigurationList section */

/* Begin XCRemoteSwiftPackageReference section */
		2F731BBC2C02880F00B3501D /* XCRemoteSwiftPackageReference "Alamofire" */ = {
			isa = XCRemoteSwiftPackageReference;
			repositoryURL = "https://github.com/Alamofire/Alamofire.git";
			requirement = {
				kind = upToNextMajorVersion;
				minimumVersion = 5.9.1;
			};
		};
		2F731BC12C02881E00B3501D /* XCRemoteSwiftPackageReference "keychain-swift" */ = {
			isa = XCRemoteSwiftPackageReference;
			repositoryURL = "https://github.com/evgenyneu/keychain-swift.git";
			requirement = {
				kind = upToNextMajorVersion;
				minimumVersion = 24.0.0;
			};
		};
		2F731BC42C02882800B3501D /* XCRemoteSwiftPackageReference "SimpleToast" */ = {
			isa = XCRemoteSwiftPackageReference;
			repositoryURL = "https://github.com/sanzaru/SimpleToast.git";
			requirement = {
				kind = upToNextMajorVersion;
				minimumVersion = 0.8.1;
			};
		};
/* End XCRemoteSwiftPackageReference section */

/* Begin XCSwiftPackageProductDependency section */
		2F731BBD2C02880F00B3501D /* Alamofire */ = {
			isa = XCSwiftPackageProductDependency;
			package = 2F731BBC2C02880F00B3501D /* XCRemoteSwiftPackageReference "Alamofire" */;
			productName = Alamofire;
		};
		2F731BC22C02881E00B3501D /* KeychainSwift */ = {
			isa = XCSwiftPackageProductDependency;
			package = 2F731BC12C02881E00B3501D /* XCRemoteSwiftPackageReference "keychain-swift" */;
			productName = KeychainSwift;
		};
		2F731BC52C02882800B3501D /* SimpleToast */ = {
			isa = XCSwiftPackageProductDependency;
			package = 2F731BC42C02882800B3501D /* XCRemoteSwiftPackageReference "SimpleToast" */;
			productName = SimpleToast;
		};
/* End XCSwiftPackageProductDependency section */
	};
	rootObject = 2F7942D52BC050A500387D3E /* Project object */;
}
